{
  "version": 4,
  "terraform_version": "1.11.4",
  "serial": 363,
  "lineage": "74c99845-e086-fb11-8819-42d06b799156",
  "outputs": {
    "cluster_endpoint": {
      "value": "https://88B717365358925FB5456D7E58027BAD.gr7.ap-south-1.eks.amazonaws.com",
      "type": "string"
    },
    "cluster_name": {
      "value": "my-TWS-EKS-cluster",
      "type": "string"
    },
    "cluster_security_group_id": {
      "value": "sg-0a07eaf3ed2ad0c84",
      "type": "string"
    }
  },
  "resources": [
    {
      "module": "module.eks-cluster",
      "mode": "data",
      "type": "aws_caller_identity",
      "name": "current",
      "provider": "provider[\"registry.terraform.io/hashicorp/aws\"]",
      "instances": [
        {
          "index_key": 0,
          "schema_version": 0,
          "attributes": {
            "account_id": "149536475766",
            "arn": "arn:aws:iam::149536475766:user/teraform",
            "id": "149536475766",
            "user_id": "AIDASFUIRRJ3BVPVWRAJT"
          },
          "sensitive_attributes": []
        }
      ]
    },
    {
      "module": "module.eks-cluster",
      "mode": "data",
      "type": "aws_eks_addon_version",
      "name": "this",
      "provider": "provider[\"registry.terraform.io/hashicorp/aws\"]",
      "instances": [
        {
          "index_key": "coredns",
          "schema_version": 0,
          "attributes": {
            "addon_name": "coredns",
            "id": "coredns",
            "kubernetes_version": "1.31",
            "most_recent": true,
            "version": "v1.11.4-eksbuild.14"
          },
          "sensitive_attributes": []
        },
        {
          "index_key": "kube-proxy",
          "schema_version": 0,
          "attributes": {
            "addon_name": "kube-proxy",
            "id": "kube-proxy",
            "kubernetes_version": "1.31",
            "most_recent": true,
            "version": "v1.31.10-eksbuild.2"
          },
          "sensitive_attributes": []
        },
        {
          "index_key": "vpc-cni",
          "schema_version": 0,
          "attributes": {
            "addon_name": "vpc-cni",
            "id": "vpc-cni",
            "kubernetes_version": "1.31",
            "most_recent": true,
            "version": "v1.20.0-eksbuild.1"
          },
          "sensitive_attributes": []
        }
      ]
    },
    {
      "module": "module.eks-cluster",
      "mode": "data",
      "type": "aws_iam_policy_document",
      "name": "assume_role_policy",
      "provider": "provider[\"registry.terraform.io/hashicorp/aws\"]",
      "instances": [
        {
          "index_key": 0,
          "schema_version": 0,
          "attributes": {
            "id": "2830595799",
            "json": "{\n  \"Version\": \"2012-10-17\",\n  \"Statement\": [\n    {\n      \"Sid\": \"EKSClusterAssumeRole\",\n      \"Effect\": \"Allow\",\n      \"Action\": [\n        \"sts:TagSession\",\n        \"sts:AssumeRole\"\n      ],\n      \"Principal\": {\n        \"Service\": \"eks.amazonaws.com\"\n      }\n    }\n  ]\n}",
            "minified_json": "{\"Version\":\"2012-10-17\",\"Statement\":[{\"Sid\":\"EKSClusterAssumeRole\",\"Effect\":\"Allow\",\"Action\":[\"sts:TagSession\",\"sts:AssumeRole\"],\"Principal\":{\"Service\":\"eks.amazonaws.com\"}}]}",
            "override_json": null,
            "override_policy_documents": null,
            "policy_id": null,
            "source_json": null,
            "source_policy_documents": null,
            "statement": [
              {
                "actions": [
                  "sts:AssumeRole",
                  "sts:TagSession"
                ],
                "condition": [],
                "effect": "Allow",
                "not_actions": [],
                "not_principals": [],
                "not_resources": [],
                "principals": [
                  {
                    "identifiers": [
                      "eks.amazonaws.com"
                    ],
                    "type": "Service"
                  }
                ],
                "resources": [],
                "sid": "EKSClusterAssumeRole"
              }
            ],
            "version": "2012-10-17"
          },
          "sensitive_attributes": []
        }
      ]
    },
    {
      "module": "module.eks-cluster",
      "mode": "data",
      "type": "aws_iam_policy_document",
      "name": "custom",
      "provider": "provider[\"registry.terraform.io/hashicorp/aws\"]",
      "instances": [
        {
          "index_key": 0,
          "schema_version": 0,
          "attributes": {
            "id": "513122117",
            "json": "{\n  \"Version\": \"2012-10-17\",\n  \"Statement\": [\n    {\n      \"Sid\": \"Compute\",\n      \"Effect\": \"Allow\",\n      \"Action\": [\n        \"ec2:RunInstances\",\n        \"ec2:CreateLaunchTemplate\",\n        \"ec2:CreateFleet\"\n      ],\n      \"Resource\": \"*\",\n      \"Condition\": {\n        \"StringEquals\": {\n          \"aws:RequestTag/eks:eks-cluster-name\": \"${aws:PrincipalTag/eks:eks-cluster-name}\"\n        },\n        \"StringLike\": {\n          \"aws:RequestTag/eks:kubernetes-node-class-name\": \"*\",\n          \"aws:RequestTag/eks:kubernetes-node-pool-name\": \"*\"\n        }\n      }\n    },\n    {\n      \"Sid\": \"Storage\",\n      \"Effect\": \"Allow\",\n      \"Action\": [\n        \"ec2:CreateVolume\",\n        \"ec2:CreateSnapshot\"\n      ],\n      \"Resource\": [\n        \"arn:aws:ec2:*:*:volume/*\",\n        \"arn:aws:ec2:*:*:snapshot/*\"\n      ],\n      \"Condition\": {\n        \"StringEquals\": {\n          \"aws:RequestTag/eks:eks-cluster-name\": \"${aws:PrincipalTag/eks:eks-cluster-name}\"\n        }\n      }\n    },\n    {\n      \"Sid\": \"Networking\",\n      \"Effect\": \"Allow\",\n      \"Action\": \"ec2:CreateNetworkInterface\",\n      \"Resource\": \"*\",\n      \"Condition\": {\n        \"StringEquals\": {\n          \"aws:RequestTag/eks:eks-cluster-name\": \"${aws:PrincipalTag/eks:eks-cluster-name}\",\n          \"aws:RequestTag/eks:kubernetes-cni-node-name\": \"*\"\n        }\n      }\n    },\n    {\n      \"Sid\": \"LoadBalancer\",\n      \"Effect\": \"Allow\",\n      \"Action\": [\n        \"elasticloadbalancing:CreateTargetGroup\",\n        \"elasticloadbalancing:CreateRule\",\n        \"elasticloadbalancing:CreateLoadBalancer\",\n        \"elasticloadbalancing:CreateListener\",\n        \"ec2:CreateSecurityGroup\"\n      ],\n      \"Resource\": \"*\",\n      \"Condition\": {\n        \"StringEquals\": {\n          \"aws:RequestTag/eks:eks-cluster-name\": \"${aws:PrincipalTag/eks:eks-cluster-name}\"\n        }\n      }\n    },\n    {\n      \"Sid\": \"ShieldProtection\",\n      \"Effect\": \"Allow\",\n      \"Action\": \"shield:CreateProtection\",\n      \"Resource\": \"*\",\n      \"Condition\": {\n        \"StringEquals\": {\n          \"aws:RequestTag/eks:eks-cluster-name\": \"${aws:PrincipalTag/eks:eks-cluster-name}\"\n        }\n      }\n    },\n    {\n      \"Sid\": \"ShieldTagResource\",\n      \"Effect\": \"Allow\",\n      \"Action\": \"shield:TagResource\",\n      \"Resource\": \"arn:aws:shield::*:protection/*\",\n      \"Condition\": {\n        \"StringEquals\": {\n          \"aws:RequestTag/eks:eks-cluster-name\": \"${aws:PrincipalTag/eks:eks-cluster-name}\"\n        }\n      }\n    }\n  ]\n}",
            "minified_json": "{\"Version\":\"2012-10-17\",\"Statement\":[{\"Sid\":\"Compute\",\"Effect\":\"Allow\",\"Action\":[\"ec2:RunInstances\",\"ec2:CreateLaunchTemplate\",\"ec2:CreateFleet\"],\"Resource\":\"*\",\"Condition\":{\"StringEquals\":{\"aws:RequestTag/eks:eks-cluster-name\":\"${aws:PrincipalTag/eks:eks-cluster-name}\"},\"StringLike\":{\"aws:RequestTag/eks:kubernetes-node-class-name\":\"*\",\"aws:RequestTag/eks:kubernetes-node-pool-name\":\"*\"}}},{\"Sid\":\"Storage\",\"Effect\":\"Allow\",\"Action\":[\"ec2:CreateVolume\",\"ec2:CreateSnapshot\"],\"Resource\":[\"arn:aws:ec2:*:*:volume/*\",\"arn:aws:ec2:*:*:snapshot/*\"],\"Condition\":{\"StringEquals\":{\"aws:RequestTag/eks:eks-cluster-name\":\"${aws:PrincipalTag/eks:eks-cluster-name}\"}}},{\"Sid\":\"Networking\",\"Effect\":\"Allow\",\"Action\":\"ec2:CreateNetworkInterface\",\"Resource\":\"*\",\"Condition\":{\"StringEquals\":{\"aws:RequestTag/eks:eks-cluster-name\":\"${aws:PrincipalTag/eks:eks-cluster-name}\",\"aws:RequestTag/eks:kubernetes-cni-node-name\":\"*\"}}},{\"Sid\":\"LoadBalancer\",\"Effect\":\"Allow\",\"Action\":[\"elasticloadbalancing:CreateTargetGroup\",\"elasticloadbalancing:CreateRule\",\"elasticloadbalancing:CreateLoadBalancer\",\"elasticloadbalancing:CreateListener\",\"ec2:CreateSecurityGroup\"],\"Resource\":\"*\",\"Condition\":{\"StringEquals\":{\"aws:RequestTag/eks:eks-cluster-name\":\"${aws:PrincipalTag/eks:eks-cluster-name}\"}}},{\"Sid\":\"ShieldProtection\",\"Effect\":\"Allow\",\"Action\":\"shield:CreateProtection\",\"Resource\":\"*\",\"Condition\":{\"StringEquals\":{\"aws:RequestTag/eks:eks-cluster-name\":\"${aws:PrincipalTag/eks:eks-cluster-name}\"}}},{\"Sid\":\"ShieldTagResource\",\"Effect\":\"Allow\",\"Action\":\"shield:TagResource\",\"Resource\":\"arn:aws:shield::*:protection/*\",\"Condition\":{\"StringEquals\":{\"aws:RequestTag/eks:eks-cluster-name\":\"${aws:PrincipalTag/eks:eks-cluster-name}\"}}}]}",
            "override_json": null,
            "override_policy_documents": null,
            "policy_id": null,
            "source_json": null,
            "source_policy_documents": null,
            "statement": [
              {
                "actions": [
                  "ec2:CreateFleet",
                  "ec2:CreateLaunchTemplate",
                  "ec2:RunInstances"
                ],
                "condition": [
                  {
                    "test": "StringEquals",
                    "values": [
                      "${aws:PrincipalTag/eks:eks-cluster-name}"
                    ],
                    "variable": "aws:RequestTag/eks:eks-cluster-name"
                  },
                  {
                    "test": "StringLike",
                    "values": [
                      "*"
                    ],
                    "variable": "aws:RequestTag/eks:kubernetes-node-class-name"
                  },
                  {
                    "test": "StringLike",
                    "values": [
                      "*"
                    ],
                    "variable": "aws:RequestTag/eks:kubernetes-node-pool-name"
                  }
                ],
                "effect": "Allow",
                "not_actions": [],
                "not_principals": [],
                "not_resources": [],
                "principals": [],
                "resources": [
                  "*"
                ],
                "sid": "Compute"
              },
              {
                "actions": [
                  "ec2:CreateSnapshot",
                  "ec2:CreateVolume"
                ],
                "condition": [
                  {
                    "test": "StringEquals",
                    "values": [
                      "${aws:PrincipalTag/eks:eks-cluster-name}"
                    ],
                    "variable": "aws:RequestTag/eks:eks-cluster-name"
                  }
                ],
                "effect": "Allow",
                "not_actions": [],
                "not_principals": [],
                "not_resources": [],
                "principals": [],
                "resources": [
                  "arn:aws:ec2:*:*:snapshot/*",
                  "arn:aws:ec2:*:*:volume/*"
                ],
                "sid": "Storage"
              },
              {
                "actions": [
                  "ec2:CreateNetworkInterface"
                ],
                "condition": [
                  {
                    "test": "StringEquals",
                    "values": [
                      "${aws:PrincipalTag/eks:eks-cluster-name}"
                    ],
                    "variable": "aws:RequestTag/eks:eks-cluster-name"
                  },
                  {
                    "test": "StringEquals",
                    "values": [
                      "*"
                    ],
                    "variable": "aws:RequestTag/eks:kubernetes-cni-node-name"
                  }
                ],
                "effect": "Allow",
                "not_actions": [],
                "not_principals": [],
                "not_resources": [],
                "principals": [],
                "resources": [
                  "*"
                ],
                "sid": "Networking"
              },
              {
                "actions": [
                  "ec2:CreateSecurityGroup",
                  "elasticloadbalancing:CreateListener",
                  "elasticloadbalancing:CreateLoadBalancer",
                  "elasticloadbalancing:CreateRule",
                  "elasticloadbalancing:CreateTargetGroup"
                ],
                "condition": [
                  {
                    "test": "StringEquals",
                    "values": [
                      "${aws:PrincipalTag/eks:eks-cluster-name}"
                    ],
                    "variable": "aws:RequestTag/eks:eks-cluster-name"
                  }
                ],
                "effect": "Allow",
                "not_actions": [],
                "not_principals": [],
                "not_resources": [],
                "principals": [],
                "resources": [
                  "*"
                ],
                "sid": "LoadBalancer"
              },
              {
                "actions": [
                  "shield:CreateProtection"
                ],
                "condition": [
                  {
                    "test": "StringEquals",
                    "values": [
                      "${aws:PrincipalTag/eks:eks-cluster-name}"
                    ],
                    "variable": "aws:RequestTag/eks:eks-cluster-name"
                  }
                ],
                "effect": "Allow",
                "not_actions": [],
                "not_principals": [],
                "not_resources": [],
                "principals": [],
                "resources": [
                  "*"
                ],
                "sid": "ShieldProtection"
              },
              {
                "actions": [
                  "shield:TagResource"
                ],
                "condition": [
                  {
                    "test": "StringEquals",
                    "values": [
                      "${aws:PrincipalTag/eks:eks-cluster-name}"
                    ],
                    "variable": "aws:RequestTag/eks:eks-cluster-name"
                  }
                ],
                "effect": "Allow",
                "not_actions": [],
                "not_principals": [],
                "not_resources": [],
                "principals": [],
                "resources": [
                  "arn:aws:shield::*:protection/*"
                ],
                "sid": "ShieldTagResource"
              }
            ],
            "version": "2012-10-17"
          },
          "sensitive_attributes": []
        }
      ]
    },
    {
      "module": "module.eks-cluster",
      "mode": "data",
      "type": "aws_iam_session_context",
      "name": "current",
      "provider": "provider[\"registry.terraform.io/hashicorp/aws\"]",
      "instances": [
        {
          "index_key": 0,
          "schema_version": 0,
          "attributes": {
            "arn": "arn:aws:iam::149536475766:user/teraform",
            "id": "arn:aws:iam::149536475766:user/teraform",
            "issuer_arn": "arn:aws:iam::149536475766:user/teraform",
            "issuer_id": "",
            "issuer_name": "",
            "session_name": ""
          },
          "sensitive_attributes": []
        }
      ]
    },
    {
      "module": "module.eks-cluster",
      "mode": "data",
      "type": "aws_partition",
      "name": "current",
      "provider": "provider[\"registry.terraform.io/hashicorp/aws\"]",
      "instances": [
        {
          "index_key": 0,
          "schema_version": 0,
          "attributes": {
            "dns_suffix": "amazonaws.com",
            "id": "aws",
            "partition": "aws",
            "reverse_dns_prefix": "com.amazonaws"
          },
          "sensitive_attributes": []
        }
      ]
    },
    {
      "module": "module.eks-cluster",
      "mode": "data",
      "type": "tls_certificate",
      "name": "this",
      "provider": "provider[\"registry.terraform.io/hashicorp/tls\"]",
      "instances": [
        {
          "index_key": 0,
          "schema_version": 0,
          "attributes": {
            "certificates": [
              {
                "cert_pem": "-----BEGIN CERTIFICATE-----\nMIIEkjCCA3qgAwIBAgITBn+USionzfP6wq4rAfkI7rnExjANBgkqhkiG9w0BAQsF\nADCBmDELMAkGA1UEBhMCVVMxEDAOBgNVBAgTB0FyaXpvbmExEzARBgNVBAcTClNj\nb3R0c2RhbGUxJTAjBgNVBAoTHFN0YXJmaWVsZCBUZWNobm9sb2dpZXMsIEluYy4x\nOzA5BgNVBAMTMlN0YXJmaWVsZCBTZXJ2aWNlcyBSb290IENlcnRpZmljYXRlIEF1\ndGhvcml0eSAtIEcyMB4XDTE1MDUyNTEyMDAwMFoXDTM3MTIzMTAxMDAwMFowOTEL\nMAkGA1UEBhMCVVMxDzANBgNVBAoTBkFtYXpvbjEZMBcGA1UEAxMQQW1hem9uIFJv\nb3QgQ0EgMTCCASIwDQYJKoZIhvcNAQEBBQADggEPADCCAQoCggEBALJ4gHHKeNXj\nca9HgFB0fW7Y14h29Jlo91ghYPl0hAEvrAIthtOgQ3pOsqTQNroBvo3bSMgHFzZM\n9O6II8c+6zf1tRn4SWiw3te5djgdYZ6k/oI2peVKVuRF4fn9tBb6dNqcmzU5L/qw\nIFAGbHrQgLKm+a/sRxmPUDgH3KKHOVj4utWp+UhnMJbulHheb4mjUcAwhmahRWa6\nVOujw5H5SNz/0egwLX0tdHA114gk957EWW67c4cX8jJGKLhD+rcdqsq08p8kDi1L\n93FcXmn/6pUCyziKrlA4b9v7LWIbxcceVOF34GfID5yHI9Y/QCB/IIDEgEw+OyQm\njgSubJrIqg0CAwEAAaOCATEwggEtMA8GA1UdEwEB/wQFMAMBAf8wDgYDVR0PAQH/\nBAQDAgGGMB0GA1UdDgQWBBSEGMyFNOy8DJSULghZnMeyEE4KCDAfBgNVHSMEGDAW\ngBScXwDfqgHXMCs4iKK4bUqc8hGRgzB4BggrBgEFBQcBAQRsMGowLgYIKwYBBQUH\nMAGGImh0dHA6Ly9vY3NwLnJvb3RnMi5hbWF6b250cnVzdC5jb20wOAYIKwYBBQUH\nMAKGLGh0dHA6Ly9jcnQucm9vdGcyLmFtYXpvbnRydXN0LmNvbS9yb290ZzIuY2Vy\nMD0GA1UdHwQ2MDQwMqAwoC6GLGh0dHA6Ly9jcmwucm9vdGcyLmFtYXpvbnRydXN0\nLmNvbS9yb290ZzIuY3JsMBEGA1UdIAQKMAgwBgYEVR0gADANBgkqhkiG9w0BAQsF\nAAOCAQEAYjdCXLwQtT6LLOkMm2xF4gcAevnFWAu5CIw+7bMlPLVvUOTNNWqnkzSW\nMiGpSESrnO09tKpzbeR/FoCJbM8oAxiDR3mjEH4wW6w7sGDgd9QIpuEdfF7Au/ma\neyKdpwAJfqxGF4PcnCZXmTA5YpaP7dreqsXMGz7KQ2hsVxa81Q4gLv7/wmpdLqBK\nbRRYh5TmOTFffHPLkIhqhBGWJ6bt2YFGpn6jcgAKUj6DiAdjd4lpFw85hdKrCEVN\n0FE6/V1dN2RMfjCyVSRCnTawXZwXgWHxyvkQAiSr6w10kY17RSlQOYiypok1JR4U\nakcjMS9cmvqtmg5iUaQqqcT5NJ0hGA==\n-----END CERTIFICATE-----\n",
                "is_ca": true,
                "issuer": "CN=Starfield Services Root Certificate Authority - G2,O=Starfield Technologies\\, Inc.,L=Scottsdale,ST=Arizona,C=US",
                "not_after": "2037-12-31T01:00:00Z",
                "not_before": "2015-05-25T12:00:00Z",
                "public_key_algorithm": "RSA",
                "serial_number": "144918191876577076464031512351042010504348870",
                "sha1_fingerprint": "06b25927c42a721631c1efd9431e648fa62e1e39",
                "signature_algorithm": "SHA256-RSA",
                "subject": "CN=Amazon Root CA 1,O=Amazon,C=US",
                "version": 3
              },
              {
                "cert_pem": "-----BEGIN CERTIFICATE-----\nMIIEXjCCA0agAwIBAgITB3MSTyqVLj7Rili9uF0bwM5fJzANBgkqhkiG9w0BAQsF\nADA5MQswCQYDVQQGEwJVUzEPMA0GA1UEChMGQW1hem9uMRkwFwYDVQQDExBBbWF6\nb24gUm9vdCBDQSAxMB4XDTIyMDgyMzIyMjYzNVoXDTMwMDgyMzIyMjYzNVowPDEL\nMAkGA1UEBhMCVVMxDzANBgNVBAoTBkFtYXpvbjEcMBoGA1UEAxMTQW1hem9uIFJT\nQSAyMDQ4IE0wNDCCASIwDQYJKoZIhvcNAQEBBQADggEPADCCAQoCggEBAM3pVR6A\nlQOp4xe776FdePXyejgA38mYx1ou9/jrpV6Sfn+/oqBKgwhY6ePsQHHQayWBJdBn\nv4Wz363qRI4XUh9swBFJ11TnZ3LqOMvHmWq2+loA0QPtOfXdJ2fHBLrBrngtJ/GB\n0p5olAVYrSZgvQGP16Rf8ddtNyxEEhYm3HuhmNi+vSeAq1tLYJPAvRCXonTpWdSD\nxY6hvdmxlqTYi82AtBXSfpGQ58HHM0hw0C6aQakghrwWi5fGslLOqzpimNMIsT7c\nqa0GJx6JfKqJqmQQNplO2h8n9ZsFJgBowof01ppdoLAWg6caMOM0om/VILKaa30F\n9W/r8Qjah7ltGVkCAwEAAaOCAVowggFWMBIGA1UdEwEB/wQIMAYBAf8CAQAwDgYD\nVR0PAQH/BAQDAgGGMB0GA1UdJQQWMBQGCCsGAQUFBwMBBggrBgEFBQcDAjAdBgNV\nHQ4EFgQUH1KSYVaCVH+BZtgdPQqqMlyH3QgwHwYDVR0jBBgwFoAUhBjMhTTsvAyU\nlC4IWZzHshBOCggwewYIKwYBBQUHAQEEbzBtMC8GCCsGAQUFBzABhiNodHRwOi8v\nb2NzcC5yb290Y2ExLmFtYXpvbnRydXN0LmNvbTA6BggrBgEFBQcwAoYuaHR0cDov\nL2NydC5yb290Y2ExLmFtYXpvbnRydXN0LmNvbS9yb290Y2ExLmNlcjA/BgNVHR8E\nODA2MDSgMqAwhi5odHRwOi8vY3JsLnJvb3RjYTEuYW1hem9udHJ1c3QuY29tL3Jv\nb3RjYTEuY3JsMBMGA1UdIAQMMAowCAYGZ4EMAQIBMA0GCSqGSIb3DQEBCwUAA4IB\nAQA+1O5UsAaNuW3lHzJtpNGwBnZd9QEYFtxpiAnIaV4qApnGS9OCw5ZPwie7YSlD\nZF5yyFPsFhUC2Q9uJHY/CRV1b5hIiGH0+6+w5PgKiY1MWuWT8VAaJjFxvuhM7a/e\nfN2TIw1Wd6WCl6YRisunjQOrSP+unqC8A540JNyZ1JOE3jVqat3OZBGgMvihdj2w\nY23EpwesrKiQzkHzmvSH67PVW4ycbPy08HVZnBxZ5NrlGG9bwXR3fNTaz+c+Ej6c\n5AnwI3qkOFgSkg3Y75cdFz6pO/olK+e3AqygAcv0WjzmkDPuBjssuZjCHMC56oH3\nGJkV29Di2j5prHJbwZjG1inU\n-----END CERTIFICATE-----\n",
                "is_ca": true,
                "issuer": "CN=Amazon Root CA 1,O=Amazon,C=US",
                "not_after": "2030-08-23T22:26:35Z",
                "not_before": "2022-08-23T22:26:35Z",
                "public_key_algorithm": "RSA",
                "serial_number": "166129359584585245282080020727744908546170663",
                "sha1_fingerprint": "e7b8b5a6743ce1b2f17b041de59558a41472d70c",
                "signature_algorithm": "SHA256-RSA",
                "subject": "CN=Amazon RSA 2048 M04,O=Amazon,C=US",
                "version": 3
              },
              {
                "cert_pem": "-----BEGIN CERTIFICATE-----\nMIIF5zCCBM+gAwIBAgIQCKWrXsqK18Q2YLMwlIpxvzANBgkqhkiG9w0BAQsFADA8\nMQswCQYDVQQGEwJVUzEPMA0GA1UEChMGQW1hem9uMRwwGgYDVQQDExNBbWF6b24g\nUlNBIDIwNDggTTA0MB4XDTI1MDQxNjAwMDAwMFoXDTI2MDMyNzIzNTk1OVowKTEn\nMCUGA1UEAwweKi5la3MuYXAtc291dGgtMS5hbWF6b25hd3MuY29tMIIBIjANBgkq\nhkiG9w0BAQEFAAOCAQ8AMIIBCgKCAQEAsF3UBE6MwBL0R1uu17hiu8kFhYQLKvUD\nmt2lrJOJ2qOvXqNbqLVhmjX6JH5G0YvvxdRSTXFerdAR6UFa46OFBYGCP1M2gna1\nUVwbfNMLv1ojSDUMdH9zU7uBpml/wyIYLJWK+/HphFvRwuOATTnF9aD3asi3vxcP\nwDr4GUh70ELRQxMCeFoPqNOHLm/uvVDPp8o0Qw/s0E1PJjqtIbHndXnqO825Sa9D\nqyDbrvpbPkZVQKZDJXs+TaLkHFr5iy5krTxTIxENsSpxxVsCxMwvN2R9xHV9lAY9\nm7hMLEMOvDeKJTxdBL4CSMZoj+MDQ1R8YLK/QTy+ChhKmvO5+BixIwIDAQABo4IC\n9jCCAvIwHwYDVR0jBBgwFoAUH1KSYVaCVH+BZtgdPQqqMlyH3QgwHQYDVR0OBBYE\nFMqHKfGG5cSRYsHiU/Ts0ST2PXi4MCkGA1UdEQQiMCCCHiouZWtzLmFwLXNvdXRo\nLTEuYW1hem9uYXdzLmNvbTATBgNVHSAEDDAKMAgGBmeBDAECATAOBgNVHQ8BAf8E\nBAMCBaAwHQYDVR0lBBYwFAYIKwYBBQUHAwEGCCsGAQUFBwMCMDsGA1UdHwQ0MDIw\nMKAuoCyGKmh0dHA6Ly9jcmwucjJtMDQuYW1hem9udHJ1c3QuY29tL3IybTA0LmNy\nbDB1BggrBgEFBQcBAQRpMGcwLQYIKwYBBQUHMAGGIWh0dHA6Ly9vY3NwLnIybTA0\nLmFtYXpvbnRydXN0LmNvbTA2BggrBgEFBQcwAoYqaHR0cDovL2NydC5yMm0wNC5h\nbWF6b250cnVzdC5jb20vcjJtMDQuY2VyMAwGA1UdEwEB/wQCMAAwggF9BgorBgEE\nAdZ5AgQCBIIBbQSCAWkBZwB2AA5XlLzzrqk+MxssmQez95Dfm8I9cTIl3SGpJaxh\nxU4hAAABlkCtjWIAAAQDAEcwRQIgdDsdr0eh/E6MSJ0W23I7HAUHIeRF9oPeUZH2\ni81/lUkCIQC1sbnmY/5My2XPHy6l4qHypypeFJWYUw98Crc+VldDlwB2AEmcm2ne\nHXzs/DbezYdkprhbrwqHgBnRVVL76esp3fjDAAABlkCtjawAAAQDAEcwRQIgAJjH\nDzPBPhT+A0bQY9BsMSi4rTtvVx+LdeLREmnu954CIQDUMFMlVIX45vU81ornb5Ea\nSjKskF0gT4MYtGyUAqKsGAB1AMs49xWJfIShRF9bwd37yW7ymlnNRwppBYWwyxTD\nFFjnAAABlkCtjWYAAAQDAEYwRAIgaw/Er8mSKbVHWf9gk0mmzqVSKgEUwwRTju8l\nUVvXUugCIARH59A1fykBTIHvGmd/bkPEmbc4WfCDO9BrJAaXieV4MA0GCSqGSIb3\nDQEBCwUAA4IBAQCfW7NAlIgXrWFKbq9KFyCjCw2iQZiwyZAlXcFruvwCgYy2jzzT\nwW1CqE50vx/q2RxHQPrSCvhnnh2UnB3EU8Ye+xX4Q/drEgNFcJWP1A3Ry38hlOcq\nZe9F6ZHcmZPf/JzU80hp7wMqhgE8L6c3w2a80OCcTftZFKfyvBkMcTKAvdjPU04E\nt+NXWizenXUFWFYOaHwwCjjIMzKWf6ttfWsQu88oToPLHknveSDclnW65oCTAkti\nkJQiury7gFh5AxQQK7jH+4xiwupeJmOkVQxlr4uLx1S29ztjja74ccPIdBVrlMuP\nWcqFPgS342Qf8girED9FL65ldFWLoV6+krzN\n-----END CERTIFICATE-----\n",
                "is_ca": false,
                "issuer": "CN=Amazon RSA 2048 M04,O=Amazon,C=US",
                "not_after": "2026-03-27T23:59:59Z",
                "not_before": "2025-04-16T00:00:00Z",
                "public_key_algorithm": "RSA",
                "serial_number": "11494028750110896993720723976017834431",
                "sha1_fingerprint": "6f4c138f25d854e1a619a34967d7448eecc899f8",
                "signature_algorithm": "SHA256-RSA",
                "subject": "CN=*.eks.ap-south-1.amazonaws.com",
                "version": 3
              }
            ],
            "content": null,
            "id": "2efe2bc0b862928b4aefe315c4a10c4ad5223ff5",
            "url": "https://oidc.eks.ap-south-1.amazonaws.com/id/88B717365358925FB5456D7E58027BAD",
            "verify_chain": true
          },
          "sensitive_attributes": []
        }
      ]
    },
    {
      "module": "module.eks-cluster",
      "mode": "managed",
      "type": "aws_cloudwatch_log_group",
      "name": "this",
      "provider": "provider[\"registry.terraform.io/hashicorp/aws\"]",
      "instances": [
        {
          "index_key": 0,
          "schema_version": 0,
          "attributes": {
            "arn": "arn:aws:logs:ap-south-1:149536475766:log-group:/aws/eks/my-TWS-EKS-cluster/cluster",
            "id": "/aws/eks/my-TWS-EKS-cluster/cluster",
            "kms_key_id": "",
            "log_group_class": "STANDARD",
            "name": "/aws/eks/my-TWS-EKS-cluster/cluster",
            "name_prefix": "",
            "retention_in_days": 90,
            "skip_destroy": false,
            "tags": {
              "Name": "/aws/eks/my-TWS-EKS-cluster/cluster"
            },
            "tags_all": {
              "Name": "/aws/eks/my-TWS-EKS-cluster/cluster"
            }
          },
          "sensitive_attributes": [],
          "private": "bnVsbA==",
          "create_before_destroy": true
        }
      ]
    },
    {
      "module": "module.eks-cluster",
      "mode": "managed",
      "type": "aws_eks_addon",
      "name": "this",
      "provider": "provider[\"registry.terraform.io/hashicorp/aws\"]",
      "instances": [
        {
          "index_key": "coredns",
          "schema_version": 0,
          "attributes": {
            "addon_name": "coredns",
            "addon_version": "v1.11.4-eksbuild.14",
            "arn": "arn:aws:eks:ap-south-1:149536475766:addon/my-TWS-EKS-cluster/coredns/b0cc2d59-632c-8eee-bc81-4a4deae493c6",
            "cluster_name": "my-TWS-EKS-cluster",
            "configuration_values": "",
            "created_at": "2025-07-30T09:38:42Z",
            "id": "my-TWS-EKS-cluster:coredns",
            "modified_at": "2025-07-30T09:38:54Z",
            "pod_identity_association": [],
            "preserve": true,
            "resolve_conflicts": null,
            "resolve_conflicts_on_create": "OVERWRITE",
            "resolve_conflicts_on_update": "OVERWRITE",
            "service_account_role_arn": "",
            "tags": {},
            "tags_all": {},
            "timeouts": {
              "create": null,
              "delete": null,
              "update": null
            }
          },
          "sensitive_attributes": [],
          "private": "eyJlMmJmYjczMC1lY2FhLTExZTYtOGY4OC0zNDM2M2JjN2M0YzAiOnsiY3JlYXRlIjoxMjAwMDAwMDAwMDAwLCJkZWxldGUiOjI0MDAwMDAwMDAwMDAsInVwZGF0ZSI6MTIwMDAwMDAwMDAwMH19",
          "dependencies": [
            "module.eks-cluster.aws_cloudwatch_log_group.this",
            "module.eks-cluster.aws_eks_cluster.this",
            "module.eks-cluster.aws_iam_policy.cni_ipv6_policy",
            "module.eks-cluster.aws_iam_role.eks_auto",
            "module.eks-cluster.aws_iam_role.this",
            "module.eks-cluster.aws_iam_role_policy_attachment.this",
            "module.eks-cluster.aws_security_group.cluster",
            "module.eks-cluster.aws_security_group.node",
            "module.eks-cluster.aws_security_group_rule.cluster",
            "module.eks-cluster.aws_security_group_rule.node",
            "module.eks-cluster.data.aws_caller_identity.current",
            "module.eks-cluster.data.aws_eks_addon_version.this",
            "module.eks-cluster.data.aws_iam_policy_document.assume_role_policy",
            "module.eks-cluster.data.aws_iam_policy_document.cni_ipv6_policy",
            "module.eks-cluster.data.aws_iam_policy_document.node_assume_role_policy",
            "module.eks-cluster.data.aws_iam_session_context.current",
            "module.eks-cluster.data.aws_partition.current",
            "module.eks-cluster.module.eks_managed_node_group.aws_autoscaling_schedule.this",
            "module.eks-cluster.module.eks_managed_node_group.aws_eks_node_group.this",
            "module.eks-cluster.module.eks_managed_node_group.aws_iam_role.this",
            "module.eks-cluster.module.eks_managed_node_group.aws_iam_role_policy.this",
            "module.eks-cluster.module.eks_managed_node_group.aws_iam_role_policy_attachment.additional",
            "module.eks-cluster.module.eks_managed_node_group.aws_iam_role_policy_attachment.this",
            "module.eks-cluster.module.eks_managed_node_group.aws_launch_template.this",
            "module.eks-cluster.module.eks_managed_node_group.aws_placement_group.this",
            "module.eks-cluster.module.eks_managed_node_group.data.aws_caller_identity.current",
            "module.eks-cluster.module.eks_managed_node_group.data.aws_ec2_instance_type.this",
            "module.eks-cluster.module.eks_managed_node_group.data.aws_ec2_instance_type_offerings.this",
            "module.eks-cluster.module.eks_managed_node_group.data.aws_iam_policy_document.assume_role_policy",
            "module.eks-cluster.module.eks_managed_node_group.data.aws_iam_policy_document.role",
            "module.eks-cluster.module.eks_managed_node_group.data.aws_partition.current",
            "module.eks-cluster.module.eks_managed_node_group.data.aws_ssm_parameter.ami",
            "module.eks-cluster.module.eks_managed_node_group.data.aws_subnets.placement_group",
            "module.eks-cluster.module.eks_managed_node_group.module.user_data.data.cloudinit_config.al2023_eks_managed_node_group",
            "module.eks-cluster.module.eks_managed_node_group.module.user_data.data.cloudinit_config.linux_eks_managed_node_group",
            "module.eks-cluster.module.eks_managed_node_group.module.user_data.null_resource.validate_cluster_service_cidr",
            "module.eks-cluster.module.fargate_profile.aws_eks_fargate_profile.this",
            "module.eks-cluster.module.fargate_profile.aws_iam_role.this",
            "module.eks-cluster.module.fargate_profile.aws_iam_role_policy.this",
            "module.eks-cluster.module.fargate_profile.aws_iam_role_policy_attachment.additional",
            "module.eks-cluster.module.fargate_profile.aws_iam_role_policy_attachment.this",
            "module.eks-cluster.module.fargate_profile.data.aws_caller_identity.current",
            "module.eks-cluster.module.fargate_profile.data.aws_iam_policy_document.assume_role_policy",
            "module.eks-cluster.module.fargate_profile.data.aws_iam_policy_document.role",
            "module.eks-cluster.module.fargate_profile.data.aws_partition.current",
            "module.eks-cluster.module.fargate_profile.data.aws_region.current",
            "module.eks-cluster.module.kms.aws_kms_external_key.this",
            "module.eks-cluster.module.kms.aws_kms_key.this",
            "module.eks-cluster.module.kms.aws_kms_replica_external_key.this",
            "module.eks-cluster.module.kms.aws_kms_replica_key.this",
            "module.eks-cluster.module.kms.data.aws_caller_identity.current",
            "module.eks-cluster.module.kms.data.aws_iam_policy_document.this",
            "module.eks-cluster.module.kms.data.aws_partition.current",
            "module.eks-cluster.module.self_managed_node_group.aws_autoscaling_group.this",
            "module.eks-cluster.module.self_managed_node_group.aws_autoscaling_schedule.this",
            "module.eks-cluster.module.self_managed_node_group.aws_eks_access_entry.this",
            "module.eks-cluster.module.self_managed_node_group.aws_iam_instance_profile.this",
            "module.eks-cluster.module.self_managed_node_group.aws_iam_role.this",
            "module.eks-cluster.module.self_managed_node_group.aws_iam_role_policy.this",
            "module.eks-cluster.module.self_managed_node_group.aws_iam_role_policy_attachment.additional",
            "module.eks-cluster.module.self_managed_node_group.aws_iam_role_policy_attachment.this",
            "module.eks-cluster.module.self_managed_node_group.aws_launch_template.this",
            "module.eks-cluster.module.self_managed_node_group.aws_placement_group.this",
            "module.eks-cluster.module.self_managed_node_group.data.aws_caller_identity.current",
            "module.eks-cluster.module.self_managed_node_group.data.aws_ec2_instance_type.this",
            "module.eks-cluster.module.self_managed_node_group.data.aws_ec2_instance_type_offerings.this",
            "module.eks-cluster.module.self_managed_node_group.data.aws_iam_policy_document.assume_role_policy",
            "module.eks-cluster.module.self_managed_node_group.data.aws_iam_policy_document.role",
            "module.eks-cluster.module.self_managed_node_group.data.aws_partition.current",
            "module.eks-cluster.module.self_managed_node_group.data.aws_ssm_parameter.ami",
            "module.eks-cluster.module.self_managed_node_group.data.aws_subnets.placement_group",
            "module.eks-cluster.module.self_managed_node_group.module.user_data.data.cloudinit_config.al2023_eks_managed_node_group",
            "module.eks-cluster.module.self_managed_node_group.module.user_data.data.cloudinit_config.linux_eks_managed_node_group",
            "module.eks-cluster.module.self_managed_node_group.module.user_data.null_resource.validate_cluster_service_cidr",
            "module.eks-cluster.time_sleep.this",
            "module.vpc.aws_subnet.intra",
            "module.vpc.aws_subnet.private",
            "module.vpc.aws_subnet.public",
            "module.vpc.aws_vpc.this",
            "module.vpc.aws_vpc_ipv4_cidr_block_association.this"
          ]
        },
        {
          "index_key": "kube-proxy",
          "schema_version": 0,
          "attributes": {
            "addon_name": "kube-proxy",
            "addon_version": "v1.31.10-eksbuild.2",
            "arn": "arn:aws:eks:ap-south-1:149536475766:addon/my-TWS-EKS-cluster/kube-proxy/30cc2d59-632c-2ad0-a8e6-c774c22aff52",
            "cluster_name": "my-TWS-EKS-cluster",
            "configuration_values": "",
            "created_at": "2025-07-30T09:38:42Z",
            "id": "my-TWS-EKS-cluster:kube-proxy",
            "modified_at": "2025-07-30T09:39:18Z",
            "pod_identity_association": [],
            "preserve": true,
            "resolve_conflicts": null,
            "resolve_conflicts_on_create": "OVERWRITE",
            "resolve_conflicts_on_update": "OVERWRITE",
            "service_account_role_arn": "",
            "tags": {},
            "tags_all": {},
            "timeouts": {
              "create": null,
              "delete": null,
              "update": null
            }
          },
          "sensitive_attributes": [],
          "private": "eyJlMmJmYjczMC1lY2FhLTExZTYtOGY4OC0zNDM2M2JjN2M0YzAiOnsiY3JlYXRlIjoxMjAwMDAwMDAwMDAwLCJkZWxldGUiOjI0MDAwMDAwMDAwMDAsInVwZGF0ZSI6MTIwMDAwMDAwMDAwMH19",
          "dependencies": [
            "module.eks-cluster.aws_cloudwatch_log_group.this",
            "module.eks-cluster.aws_eks_cluster.this",
            "module.eks-cluster.aws_iam_policy.cni_ipv6_policy",
            "module.eks-cluster.aws_iam_role.eks_auto",
            "module.eks-cluster.aws_iam_role.this",
            "module.eks-cluster.aws_iam_role_policy_attachment.this",
            "module.eks-cluster.aws_security_group.cluster",
            "module.eks-cluster.aws_security_group.node",
            "module.eks-cluster.aws_security_group_rule.cluster",
            "module.eks-cluster.aws_security_group_rule.node",
            "module.eks-cluster.data.aws_caller_identity.current",
            "module.eks-cluster.data.aws_eks_addon_version.this",
            "module.eks-cluster.data.aws_iam_policy_document.assume_role_policy",
            "module.eks-cluster.data.aws_iam_policy_document.cni_ipv6_policy",
            "module.eks-cluster.data.aws_iam_policy_document.node_assume_role_policy",
            "module.eks-cluster.data.aws_iam_session_context.current",
            "module.eks-cluster.data.aws_partition.current",
            "module.eks-cluster.module.eks_managed_node_group.aws_autoscaling_schedule.this",
            "module.eks-cluster.module.eks_managed_node_group.aws_eks_node_group.this",
            "module.eks-cluster.module.eks_managed_node_group.aws_iam_role.this",
            "module.eks-cluster.module.eks_managed_node_group.aws_iam_role_policy.this",
            "module.eks-cluster.module.eks_managed_node_group.aws_iam_role_policy_attachment.additional",
            "module.eks-cluster.module.eks_managed_node_group.aws_iam_role_policy_attachment.this",
            "module.eks-cluster.module.eks_managed_node_group.aws_launch_template.this",
            "module.eks-cluster.module.eks_managed_node_group.aws_placement_group.this",
            "module.eks-cluster.module.eks_managed_node_group.data.aws_caller_identity.current",
            "module.eks-cluster.module.eks_managed_node_group.data.aws_ec2_instance_type.this",
            "module.eks-cluster.module.eks_managed_node_group.data.aws_ec2_instance_type_offerings.this",
            "module.eks-cluster.module.eks_managed_node_group.data.aws_iam_policy_document.assume_role_policy",
            "module.eks-cluster.module.eks_managed_node_group.data.aws_iam_policy_document.role",
            "module.eks-cluster.module.eks_managed_node_group.data.aws_partition.current",
            "module.eks-cluster.module.eks_managed_node_group.data.aws_ssm_parameter.ami",
            "module.eks-cluster.module.eks_managed_node_group.data.aws_subnets.placement_group",
            "module.eks-cluster.module.eks_managed_node_group.module.user_data.data.cloudinit_config.al2023_eks_managed_node_group",
            "module.eks-cluster.module.eks_managed_node_group.module.user_data.data.cloudinit_config.linux_eks_managed_node_group",
            "module.eks-cluster.module.eks_managed_node_group.module.user_data.null_resource.validate_cluster_service_cidr",
            "module.eks-cluster.module.fargate_profile.aws_eks_fargate_profile.this",
            "module.eks-cluster.module.fargate_profile.aws_iam_role.this",
            "module.eks-cluster.module.fargate_profile.aws_iam_role_policy.this",
            "module.eks-cluster.module.fargate_profile.aws_iam_role_policy_attachment.additional",
            "module.eks-cluster.module.fargate_profile.aws_iam_role_policy_attachment.this",
            "module.eks-cluster.module.fargate_profile.data.aws_caller_identity.current",
            "module.eks-cluster.module.fargate_profile.data.aws_iam_policy_document.assume_role_policy",
            "module.eks-cluster.module.fargate_profile.data.aws_iam_policy_document.role",
            "module.eks-cluster.module.fargate_profile.data.aws_partition.current",
            "module.eks-cluster.module.fargate_profile.data.aws_region.current",
            "module.eks-cluster.module.kms.aws_kms_external_key.this",
            "module.eks-cluster.module.kms.aws_kms_key.this",
            "module.eks-cluster.module.kms.aws_kms_replica_external_key.this",
            "module.eks-cluster.module.kms.aws_kms_replica_key.this",
            "module.eks-cluster.module.kms.data.aws_caller_identity.current",
            "module.eks-cluster.module.kms.data.aws_iam_policy_document.this",
            "module.eks-cluster.module.kms.data.aws_partition.current",
            "module.eks-cluster.module.self_managed_node_group.aws_autoscaling_group.this",
            "module.eks-cluster.module.self_managed_node_group.aws_autoscaling_schedule.this",
            "module.eks-cluster.module.self_managed_node_group.aws_eks_access_entry.this",
            "module.eks-cluster.module.self_managed_node_group.aws_iam_instance_profile.this",
            "module.eks-cluster.module.self_managed_node_group.aws_iam_role.this",
            "module.eks-cluster.module.self_managed_node_group.aws_iam_role_policy.this",
            "module.eks-cluster.module.self_managed_node_group.aws_iam_role_policy_attachment.additional",
            "module.eks-cluster.module.self_managed_node_group.aws_iam_role_policy_attachment.this",
            "module.eks-cluster.module.self_managed_node_group.aws_launch_template.this",
            "module.eks-cluster.module.self_managed_node_group.aws_placement_group.this",
            "module.eks-cluster.module.self_managed_node_group.data.aws_caller_identity.current",
            "module.eks-cluster.module.self_managed_node_group.data.aws_ec2_instance_type.this",
            "module.eks-cluster.module.self_managed_node_group.data.aws_ec2_instance_type_offerings.this",
            "module.eks-cluster.module.self_managed_node_group.data.aws_iam_policy_document.assume_role_policy",
            "module.eks-cluster.module.self_managed_node_group.data.aws_iam_policy_document.role",
            "module.eks-cluster.module.self_managed_node_group.data.aws_partition.current",
            "module.eks-cluster.module.self_managed_node_group.data.aws_ssm_parameter.ami",
            "module.eks-cluster.module.self_managed_node_group.data.aws_subnets.placement_group",
            "module.eks-cluster.module.self_managed_node_group.module.user_data.data.cloudinit_config.al2023_eks_managed_node_group",
            "module.eks-cluster.module.self_managed_node_group.module.user_data.data.cloudinit_config.linux_eks_managed_node_group",
            "module.eks-cluster.module.self_managed_node_group.module.user_data.null_resource.validate_cluster_service_cidr",
            "module.eks-cluster.time_sleep.this",
            "module.vpc.aws_subnet.intra",
            "module.vpc.aws_subnet.private",
            "module.vpc.aws_subnet.public",
            "module.vpc.aws_vpc.this",
            "module.vpc.aws_vpc_ipv4_cidr_block_association.this"
          ]
        },
        {
          "index_key": "vpc-cni",
          "schema_version": 0,
          "attributes": {
            "addon_name": "vpc-cni",
            "addon_version": "v1.20.0-eksbuild.1",
            "arn": "arn:aws:eks:ap-south-1:149536475766:addon/my-TWS-EKS-cluster/vpc-cni/24cc2d59-632e-63ae-cf06-4bac060d6e89",
            "cluster_name": "my-TWS-EKS-cluster",
            "configuration_values": "",
            "created_at": "2025-07-30T09:38:42Z",
            "id": "my-TWS-EKS-cluster:vpc-cni",
            "modified_at": "2025-07-30T09:39:49Z",
            "pod_identity_association": [],
            "preserve": true,
            "resolve_conflicts": null,
            "resolve_conflicts_on_create": "OVERWRITE",
            "resolve_conflicts_on_update": "OVERWRITE",
            "service_account_role_arn": "",
            "tags": {},
            "tags_all": {},
            "timeouts": {
              "create": null,
              "delete": null,
              "update": null
            }
          },
          "sensitive_attributes": [],
          "private": "eyJlMmJmYjczMC1lY2FhLTExZTYtOGY4OC0zNDM2M2JjN2M0YzAiOnsiY3JlYXRlIjoxMjAwMDAwMDAwMDAwLCJkZWxldGUiOjI0MDAwMDAwMDAwMDAsInVwZGF0ZSI6MTIwMDAwMDAwMDAwMH19",
          "dependencies": [
            "module.eks-cluster.aws_cloudwatch_log_group.this",
            "module.eks-cluster.aws_eks_cluster.this",
            "module.eks-cluster.aws_iam_policy.cni_ipv6_policy",
            "module.eks-cluster.aws_iam_role.eks_auto",
            "module.eks-cluster.aws_iam_role.this",
            "module.eks-cluster.aws_iam_role_policy_attachment.this",
            "module.eks-cluster.aws_security_group.cluster",
            "module.eks-cluster.aws_security_group.node",
            "module.eks-cluster.aws_security_group_rule.cluster",
            "module.eks-cluster.aws_security_group_rule.node",
            "module.eks-cluster.data.aws_caller_identity.current",
            "module.eks-cluster.data.aws_eks_addon_version.this",
            "module.eks-cluster.data.aws_iam_policy_document.assume_role_policy",
            "module.eks-cluster.data.aws_iam_policy_document.cni_ipv6_policy",
            "module.eks-cluster.data.aws_iam_policy_document.node_assume_role_policy",
            "module.eks-cluster.data.aws_iam_session_context.current",
            "module.eks-cluster.data.aws_partition.current",
            "module.eks-cluster.module.eks_managed_node_group.aws_autoscaling_schedule.this",
            "module.eks-cluster.module.eks_managed_node_group.aws_eks_node_group.this",
            "module.eks-cluster.module.eks_managed_node_group.aws_iam_role.this",
            "module.eks-cluster.module.eks_managed_node_group.aws_iam_role_policy.this",
            "module.eks-cluster.module.eks_managed_node_group.aws_iam_role_policy_attachment.additional",
            "module.eks-cluster.module.eks_managed_node_group.aws_iam_role_policy_attachment.this",
            "module.eks-cluster.module.eks_managed_node_group.aws_launch_template.this",
            "module.eks-cluster.module.eks_managed_node_group.aws_placement_group.this",
            "module.eks-cluster.module.eks_managed_node_group.data.aws_caller_identity.current",
            "module.eks-cluster.module.eks_managed_node_group.data.aws_ec2_instance_type.this",
            "module.eks-cluster.module.eks_managed_node_group.data.aws_ec2_instance_type_offerings.this",
            "module.eks-cluster.module.eks_managed_node_group.data.aws_iam_policy_document.assume_role_policy",
            "module.eks-cluster.module.eks_managed_node_group.data.aws_iam_policy_document.role",
            "module.eks-cluster.module.eks_managed_node_group.data.aws_partition.current",
            "module.eks-cluster.module.eks_managed_node_group.data.aws_ssm_parameter.ami",
            "module.eks-cluster.module.eks_managed_node_group.data.aws_subnets.placement_group",
            "module.eks-cluster.module.eks_managed_node_group.module.user_data.data.cloudinit_config.al2023_eks_managed_node_group",
            "module.eks-cluster.module.eks_managed_node_group.module.user_data.data.cloudinit_config.linux_eks_managed_node_group",
            "module.eks-cluster.module.eks_managed_node_group.module.user_data.null_resource.validate_cluster_service_cidr",
            "module.eks-cluster.module.fargate_profile.aws_eks_fargate_profile.this",
            "module.eks-cluster.module.fargate_profile.aws_iam_role.this",
            "module.eks-cluster.module.fargate_profile.aws_iam_role_policy.this",
            "module.eks-cluster.module.fargate_profile.aws_iam_role_policy_attachment.additional",
            "module.eks-cluster.module.fargate_profile.aws_iam_role_policy_attachment.this",
            "module.eks-cluster.module.fargate_profile.data.aws_caller_identity.current",
            "module.eks-cluster.module.fargate_profile.data.aws_iam_policy_document.assume_role_policy",
            "module.eks-cluster.module.fargate_profile.data.aws_iam_policy_document.role",
            "module.eks-cluster.module.fargate_profile.data.aws_partition.current",
            "module.eks-cluster.module.fargate_profile.data.aws_region.current",
            "module.eks-cluster.module.kms.aws_kms_external_key.this",
            "module.eks-cluster.module.kms.aws_kms_key.this",
            "module.eks-cluster.module.kms.aws_kms_replica_external_key.this",
            "module.eks-cluster.module.kms.aws_kms_replica_key.this",
            "module.eks-cluster.module.kms.data.aws_caller_identity.current",
            "module.eks-cluster.module.kms.data.aws_iam_policy_document.this",
            "module.eks-cluster.module.kms.data.aws_partition.current",
            "module.eks-cluster.module.self_managed_node_group.aws_autoscaling_group.this",
            "module.eks-cluster.module.self_managed_node_group.aws_autoscaling_schedule.this",
            "module.eks-cluster.module.self_managed_node_group.aws_eks_access_entry.this",
            "module.eks-cluster.module.self_managed_node_group.aws_iam_instance_profile.this",
            "module.eks-cluster.module.self_managed_node_group.aws_iam_role.this",
            "module.eks-cluster.module.self_managed_node_group.aws_iam_role_policy.this",
            "module.eks-cluster.module.self_managed_node_group.aws_iam_role_policy_attachment.additional",
            "module.eks-cluster.module.self_managed_node_group.aws_iam_role_policy_attachment.this",
            "module.eks-cluster.module.self_managed_node_group.aws_launch_template.this",
            "module.eks-cluster.module.self_managed_node_group.aws_placement_group.this",
            "module.eks-cluster.module.self_managed_node_group.data.aws_caller_identity.current",
            "module.eks-cluster.module.self_managed_node_group.data.aws_ec2_instance_type.this",
            "module.eks-cluster.module.self_managed_node_group.data.aws_ec2_instance_type_offerings.this",
            "module.eks-cluster.module.self_managed_node_group.data.aws_iam_policy_document.assume_role_policy",
            "module.eks-cluster.module.self_managed_node_group.data.aws_iam_policy_document.role",
            "module.eks-cluster.module.self_managed_node_group.data.aws_partition.current",
            "module.eks-cluster.module.self_managed_node_group.data.aws_ssm_parameter.ami",
            "module.eks-cluster.module.self_managed_node_group.data.aws_subnets.placement_group",
            "module.eks-cluster.module.self_managed_node_group.module.user_data.data.cloudinit_config.al2023_eks_managed_node_group",
            "module.eks-cluster.module.self_managed_node_group.module.user_data.data.cloudinit_config.linux_eks_managed_node_group",
            "module.eks-cluster.module.self_managed_node_group.module.user_data.null_resource.validate_cluster_service_cidr",
            "module.eks-cluster.time_sleep.this",
            "module.vpc.aws_subnet.intra",
            "module.vpc.aws_subnet.private",
            "module.vpc.aws_subnet.public",
            "module.vpc.aws_vpc.this",
            "module.vpc.aws_vpc_ipv4_cidr_block_association.this"
          ]
        }
      ]
    },
    {
      "module": "module.eks-cluster",
      "mode": "managed",
      "type": "aws_eks_cluster",
      "name": "this",
      "provider": "provider[\"registry.terraform.io/hashicorp/aws\"]",
      "instances": [
        {
          "index_key": 0,
          "schema_version": 1,
          "attributes": {
            "access_config": [
              {
                "authentication_mode": "API_AND_CONFIG_MAP",
                "bootstrap_cluster_creator_admin_permissions": false
              }
            ],
            "arn": "arn:aws:eks:ap-south-1:149536475766:cluster/my-TWS-EKS-cluster",
            "bootstrap_self_managed_addons": true,
            "certificate_authority": [
              {
                "data": "LS0tLS1CRUdJTiBDRVJUSUZJQ0FURS0tLS0tCk1JSURCVENDQWUyZ0F3SUJBZ0lJYTJ5ZE9kbFY2aGN3RFFZSktvWklodmNOQVFFTEJRQXdGVEVUTUJFR0ExVUUKQXhNS2EzVmlaWEp1WlhSbGN6QWVGdzB5TlRBM016QXdPVEkzTURWYUZ3MHpOVEEzTWpnd09UTXlNRFZhTUJVeApFekFSQmdOVkJBTVRDbXQxWW1WeWJtVjBaWE13Z2dFaU1BMEdDU3FHU0liM0RRRUJBUVVBQTRJQkR3QXdnZ0VLCkFvSUJBUUQzVGZEaTljZHZtVEVsWmFENHorRWRZWWViUEN3dFpqKzc3WkY0S1lEMTBBSUNrU2x2djlKTGZIaTYKMXRuczFRZDF0TVFkUHh3Qzl5Y1M4QmJWOFpTSDBKbTRueW1qdXhOSloxRlBZQkp2RDZmQU9MdUhJNVVYYmpSOApvZ1lyN0VSbE9XVjk3cjBUT2VFdzF3ajJaQStyVzhsdHRhRW9QQ2I4Y3dNSlhvbWJnejBYK20zYkYwK1lFRVJQCnpndDUvT25XYmF0aXZCSzA0RDVzaXZNR3I0TGgxVDN5aTR6MCtESHJsUzJTYWY5UXF5bktCUC9iSitXWkd4VDkKWURLMVpPYzR3OVBDMnF1Z2JJdllNeUp2ckhzWFE1azBtQlBuYkx0VmsvNUIrOHV2anhHZU5kRHJoMVVka3lFRApoSGpNTlRhYnNTaEpPSG4yMWZ5ZVNHbXZmNGt2QWdNQkFBR2pXVEJYTUE0R0ExVWREd0VCL3dRRUF3SUNwREFQCkJnTlZIUk1CQWY4RUJUQURBUUgvTUIwR0ExVWREZ1FXQkJTc0JjOHlNUlZFNU05bjZaYUZDNFFJeEFIOXF6QVYKQmdOVkhSRUVEakFNZ2dwcmRXSmxjbTVsZEdWek1BMEdDU3FHU0liM0RRRUJDd1VBQTRJQkFRRFhSQVp3cE1NdQpNcnN4dHd2eDAyT21QbXc4bnRPSUhBZWhpUWcrSTU3RjlUYitvSEdTRzNFZlVxV0llb1ZCVWEzcUJJWHowckVLCnlQZHJCWk9WMjU5d2x4ekVrM0FlMnlBUmxvRCtEZFhmeXcyQWlmWVc4Qk43d1VScC8yV1QyZ0tFK3dOOHI5aWIKYnlvbGxxSklVYUdWdnNrVFpncm5EZXhZMjgreVFKSEJyUnBTWDZTQTNNb0s1am1HaGc4dmdnVldFZHhVOEE5MgpjdXhYSXRNVXArQ0xpNHB6emdNbUVrS01EVVhpWjlDVVFZUEdDQ2pyME0vQ1NsVDY1NFhPbk9IMVpaYWtTdWliCmFXbFRhQmtWaC9DS3lITUVKM3JVNkJhZmtNdVUvaUsxSUFIV2hhZnNYVER0R2RYN21OcjZGclRhSnFWeHhLNmIKT2RxQnA3dzVxQ3VlCi0tLS0tRU5EIENFUlRJRklDQVRFLS0tLS0K"
              }
            ],
            "cluster_id": null,
            "compute_config": [],
            "created_at": "2025-07-30T09:27:58Z",
            "enabled_cluster_log_types": [
              "api",
              "audit",
              "authenticator"
            ],
            "encryption_config": [
              {
                "provider": [
                  {
                    "key_arn": "arn:aws:kms:ap-south-1:149536475766:key/1a77e224-f741-4402-8dd7-ce368a6398c6"
                  }
                ],
                "resources": [
                  "secrets"
                ]
              }
            ],
            "endpoint": "https://88B717365358925FB5456D7E58027BAD.gr7.ap-south-1.eks.amazonaws.com",
            "force_update_version": null,
            "id": "my-TWS-EKS-cluster",
            "identity": [
              {
                "oidc": [
                  {
                    "issuer": "https://oidc.eks.ap-south-1.amazonaws.com/id/88B717365358925FB5456D7E58027BAD"
                  }
                ]
              }
            ],
            "kubernetes_network_config": [
              {
                "elastic_load_balancing": [
                  {
                    "enabled": false
                  }
                ],
                "ip_family": "ipv4",
                "service_ipv4_cidr": "172.20.0.0/16",
                "service_ipv6_cidr": ""
              }
            ],
            "name": "my-TWS-EKS-cluster",
            "outpost_config": [],
            "platform_version": "eks.32",
            "remote_network_config": [],
            "role_arn": "arn:aws:iam::149536475766:role/my-TWS-EKS-cluster-cluster-20250730092723818900000001",
            "status": "ACTIVE",
            "storage_config": [],
            "tags": {
              "terraform-aws-modules": "eks"
            },
            "tags_all": {
              "terraform-aws-modules": "eks"
            },
            "timeouts": {
              "create": null,
              "delete": null,
              "update": null
            },
            "upgrade_policy": [
              {
                "support_type": "EXTENDED"
              }
            ],
            "version": "1.31",
            "vpc_config": [
              {
                "cluster_security_group_id": "sg-0e45fb688b8450304",
                "endpoint_private_access": true,
                "endpoint_public_access": true,
                "public_access_cidrs": [
                  "0.0.0.0/0"
                ],
                "security_group_ids": [
                  "sg-0a07eaf3ed2ad0c84"
                ],
                "subnet_ids": [
                  "subnet-03528715f7dc3c0d7",
                  "subnet-049b0f00d7136fda1",
                  "subnet-05d37515c95401f00"
                ],
                "vpc_id": "vpc-08a87d398d27703f5"
              }
            ],
            "zonal_shift_config": []
          },
          "sensitive_attributes": [],
          "private": "eyJlMmJmYjczMC1lY2FhLTExZTYtOGY4OC0zNDM2M2JjN2M0YzAiOnsiY3JlYXRlIjoxODAwMDAwMDAwMDAwLCJkZWxldGUiOjkwMDAwMDAwMDAwMCwidXBkYXRlIjozNjAwMDAwMDAwMDAwfSwic2NoZW1hX3ZlcnNpb24iOiIxIn0=",
          "dependencies": [
            "module.eks-cluster.aws_cloudwatch_log_group.this",
            "module.eks-cluster.aws_iam_policy.cni_ipv6_policy",
            "module.eks-cluster.aws_iam_role.eks_auto",
            "module.eks-cluster.aws_iam_role.this",
            "module.eks-cluster.aws_iam_role_policy_attachment.this",
            "module.eks-cluster.aws_security_group.cluster",
            "module.eks-cluster.aws_security_group.node",
            "module.eks-cluster.aws_security_group_rule.cluster",
            "module.eks-cluster.aws_security_group_rule.node",
            "module.eks-cluster.data.aws_caller_identity.current",
            "module.eks-cluster.data.aws_iam_policy_document.assume_role_policy",
            "module.eks-cluster.data.aws_iam_policy_document.cni_ipv6_policy",
            "module.eks-cluster.data.aws_iam_policy_document.node_assume_role_policy",
            "module.eks-cluster.data.aws_iam_session_context.current",
            "module.eks-cluster.data.aws_partition.current",
            "module.eks-cluster.module.kms.aws_kms_external_key.this",
            "module.eks-cluster.module.kms.aws_kms_key.this",
            "module.eks-cluster.module.kms.aws_kms_replica_external_key.this",
            "module.eks-cluster.module.kms.aws_kms_replica_key.this",
            "module.eks-cluster.module.kms.data.aws_caller_identity.current",
            "module.eks-cluster.module.kms.data.aws_iam_policy_document.this",
            "module.eks-cluster.module.kms.data.aws_partition.current",
            "module.vpc.aws_subnet.intra",
            "module.vpc.aws_subnet.private",
            "module.vpc.aws_vpc.this",
            "module.vpc.aws_vpc_ipv4_cidr_block_association.this"
          ],
          "create_before_destroy": true
        }
      ]
    },
    {
      "module": "module.eks-cluster",
      "mode": "managed",
      "type": "aws_iam_openid_connect_provider",
      "name": "oidc_provider",
      "provider": "provider[\"registry.terraform.io/hashicorp/aws\"]",
      "instances": [
        {
          "index_key": 0,
          "schema_version": 0,
          "attributes": {
            "arn": "arn:aws:iam::149536475766:oidc-provider/oidc.eks.ap-south-1.amazonaws.com/id/88B717365358925FB5456D7E58027BAD",
            "client_id_list": [
              "sts.amazonaws.com"
            ],
            "id": "arn:aws:iam::149536475766:oidc-provider/oidc.eks.ap-south-1.amazonaws.com/id/88B717365358925FB5456D7E58027BAD",
            "tags": {
              "Name": "my-TWS-EKS-cluster-eks-irsa"
            },
            "tags_all": {
              "Name": "my-TWS-EKS-cluster-eks-irsa"
            },
            "thumbprint_list": [
              "06b25927c42a721631c1efd9431e648fa62e1e39"
            ],
            "url": "oidc.eks.ap-south-1.amazonaws.com/id/88B717365358925FB5456D7E58027BAD"
          },
          "sensitive_attributes": [],
          "private": "bnVsbA==",
          "dependencies": [
            "module.eks-cluster.aws_cloudwatch_log_group.this",
            "module.eks-cluster.aws_eks_cluster.this",
            "module.eks-cluster.aws_iam_policy.cni_ipv6_policy",
            "module.eks-cluster.aws_iam_role.eks_auto",
            "module.eks-cluster.aws_iam_role.this",
            "module.eks-cluster.aws_iam_role_policy_attachment.this",
            "module.eks-cluster.aws_security_group.cluster",
            "module.eks-cluster.aws_security_group.node",
            "module.eks-cluster.aws_security_group_rule.cluster",
            "module.eks-cluster.aws_security_group_rule.node",
            "module.eks-cluster.data.aws_caller_identity.current",
            "module.eks-cluster.data.aws_iam_policy_document.assume_role_policy",
            "module.eks-cluster.data.aws_iam_policy_document.cni_ipv6_policy",
            "module.eks-cluster.data.aws_iam_policy_document.node_assume_role_policy",
            "module.eks-cluster.data.aws_iam_session_context.current",
            "module.eks-cluster.data.aws_partition.current",
            "module.eks-cluster.data.tls_certificate.this",
            "module.eks-cluster.module.kms.aws_kms_external_key.this",
            "module.eks-cluster.module.kms.aws_kms_key.this",
            "module.eks-cluster.module.kms.aws_kms_replica_external_key.this",
            "module.eks-cluster.module.kms.aws_kms_replica_key.this",
            "module.eks-cluster.module.kms.data.aws_caller_identity.current",
            "module.eks-cluster.module.kms.data.aws_iam_policy_document.this",
            "module.eks-cluster.module.kms.data.aws_partition.current",
            "module.vpc.aws_subnet.intra",
            "module.vpc.aws_subnet.private",
            "module.vpc.aws_vpc.this",
            "module.vpc.aws_vpc_ipv4_cidr_block_association.this"
          ]
        }
      ]
    },
    {
      "module": "module.eks-cluster",
      "mode": "managed",
      "type": "aws_iam_policy",
      "name": "cluster_encryption",
      "provider": "provider[\"registry.terraform.io/hashicorp/aws\"]",
      "instances": [
        {
          "index_key": 0,
          "schema_version": 0,
          "attributes": {
            "arn": "arn:aws:iam::149536475766:policy/my-TWS-EKS-cluster-cluster-ClusterEncryption2025073009275629430000000f",
            "attachment_count": 1,
            "description": "Cluster encryption policy to allow cluster role to utilize CMK provided",
            "id": "arn:aws:iam::149536475766:policy/my-TWS-EKS-cluster-cluster-ClusterEncryption2025073009275629430000000f",
            "name": "my-TWS-EKS-cluster-cluster-ClusterEncryption2025073009275629430000000f",
            "name_prefix": "my-TWS-EKS-cluster-cluster-ClusterEncryption",
            "path": "/",
            "policy": "{\"Statement\":[{\"Action\":[\"kms:Encrypt\",\"kms:Decrypt\",\"kms:ListGrants\",\"kms:DescribeKey\"],\"Effect\":\"Allow\",\"Resource\":\"arn:aws:kms:ap-south-1:149536475766:key/1a77e224-f741-4402-8dd7-ce368a6398c6\"}],\"Version\":\"2012-10-17\"}",
            "policy_id": "ANPASFUIRRJ3KDHBUHYZF",
            "tags": {},
            "tags_all": {}
          },
          "sensitive_attributes": [],
          "private": "bnVsbA==",
          "dependencies": [
            "module.eks-cluster.aws_iam_role.this",
            "module.eks-cluster.data.aws_caller_identity.current",
            "module.eks-cluster.data.aws_iam_policy_document.assume_role_policy",
            "module.eks-cluster.data.aws_iam_session_context.current",
            "module.eks-cluster.module.kms.aws_kms_external_key.this",
            "module.eks-cluster.module.kms.aws_kms_key.this",
            "module.eks-cluster.module.kms.aws_kms_replica_external_key.this",
            "module.eks-cluster.module.kms.aws_kms_replica_key.this",
            "module.eks-cluster.module.kms.data.aws_caller_identity.current",
            "module.eks-cluster.module.kms.data.aws_iam_policy_document.this",
            "module.eks-cluster.module.kms.data.aws_partition.current"
          ]
        }
      ]
    },
    {
      "module": "module.eks-cluster",
      "mode": "managed",
      "type": "aws_iam_policy",
      "name": "custom",
      "provider": "provider[\"registry.terraform.io/hashicorp/aws\"]",
      "instances": [
        {
          "index_key": 0,
          "schema_version": 0,
          "attributes": {
            "arn": "arn:aws:iam::149536475766:policy/my-TWS-EKS-cluster-cluster-20250730092723819100000002",
            "attachment_count": 1,
            "description": "",
            "id": "arn:aws:iam::149536475766:policy/my-TWS-EKS-cluster-cluster-20250730092723819100000002",
            "name": "my-TWS-EKS-cluster-cluster-20250730092723819100000002",
            "name_prefix": "my-TWS-EKS-cluster-cluster-",
            "path": "/",
            "policy": "{\"Statement\":[{\"Action\":[\"ec2:RunInstances\",\"ec2:CreateLaunchTemplate\",\"ec2:CreateFleet\"],\"Condition\":{\"StringEquals\":{\"aws:RequestTag/eks:eks-cluster-name\":\"${aws:PrincipalTag/eks:eks-cluster-name}\"},\"StringLike\":{\"aws:RequestTag/eks:kubernetes-node-class-name\":\"*\",\"aws:RequestTag/eks:kubernetes-node-pool-name\":\"*\"}},\"Effect\":\"Allow\",\"Resource\":\"*\",\"Sid\":\"Compute\"},{\"Action\":[\"ec2:CreateVolume\",\"ec2:CreateSnapshot\"],\"Condition\":{\"StringEquals\":{\"aws:RequestTag/eks:eks-cluster-name\":\"${aws:PrincipalTag/eks:eks-cluster-name}\"}},\"Effect\":\"Allow\",\"Resource\":[\"arn:aws:ec2:*:*:volume/*\",\"arn:aws:ec2:*:*:snapshot/*\"],\"Sid\":\"Storage\"},{\"Action\":\"ec2:CreateNetworkInterface\",\"Condition\":{\"StringEquals\":{\"aws:RequestTag/eks:eks-cluster-name\":\"${aws:PrincipalTag/eks:eks-cluster-name}\",\"aws:RequestTag/eks:kubernetes-cni-node-name\":\"*\"}},\"Effect\":\"Allow\",\"Resource\":\"*\",\"Sid\":\"Networking\"},{\"Action\":[\"elasticloadbalancing:CreateTargetGroup\",\"elasticloadbalancing:CreateRule\",\"elasticloadbalancing:CreateLoadBalancer\",\"elasticloadbalancing:CreateListener\",\"ec2:CreateSecurityGroup\"],\"Condition\":{\"StringEquals\":{\"aws:RequestTag/eks:eks-cluster-name\":\"${aws:PrincipalTag/eks:eks-cluster-name}\"}},\"Effect\":\"Allow\",\"Resource\":\"*\",\"Sid\":\"LoadBalancer\"},{\"Action\":\"shield:CreateProtection\",\"Condition\":{\"StringEquals\":{\"aws:RequestTag/eks:eks-cluster-name\":\"${aws:PrincipalTag/eks:eks-cluster-name}\"}},\"Effect\":\"Allow\",\"Resource\":\"*\",\"Sid\":\"ShieldProtection\"},{\"Action\":\"shield:TagResource\",\"Condition\":{\"StringEquals\":{\"aws:RequestTag/eks:eks-cluster-name\":\"${aws:PrincipalTag/eks:eks-cluster-name}\"}},\"Effect\":\"Allow\",\"Resource\":\"arn:aws:shield::*:protection/*\",\"Sid\":\"ShieldTagResource\"}],\"Version\":\"2012-10-17\"}",
            "policy_id": "ANPASFUIRRJ3JDRO4TKGA",
            "tags": {},
            "tags_all": {}
          },
          "sensitive_attributes": [],
          "private": "bnVsbA==",
          "dependencies": [
            "module.eks-cluster.data.aws_iam_policy_document.custom",
            "module.eks-cluster.data.aws_partition.current"
          ]
        }
      ]
    },
    {
      "module": "module.eks-cluster",
      "mode": "managed",
      "type": "aws_iam_role",
      "name": "this",
      "provider": "provider[\"registry.terraform.io/hashicorp/aws\"]",
      "instances": [
        {
          "index_key": 0,
          "schema_version": 0,
          "attributes": {
            "arn": "arn:aws:iam::149536475766:role/my-TWS-EKS-cluster-cluster-20250730092723818900000001",
            "assume_role_policy": "{\"Statement\":[{\"Action\":[\"sts:TagSession\",\"sts:AssumeRole\"],\"Effect\":\"Allow\",\"Principal\":{\"Service\":\"eks.amazonaws.com\"},\"Sid\":\"EKSClusterAssumeRole\"}],\"Version\":\"2012-10-17\"}",
            "create_date": "2025-07-30T09:27:24Z",
            "description": "",
            "force_detach_policies": true,
            "id": "my-TWS-EKS-cluster-cluster-20250730092723818900000001",
            "inline_policy": [],
            "managed_policy_arns": [
              "arn:aws:iam::149536475766:policy/my-TWS-EKS-cluster-cluster-20250730092723819100000002",
              "arn:aws:iam::149536475766:policy/my-TWS-EKS-cluster-cluster-ClusterEncryption2025073009275629430000000f",
              "arn:aws:iam::aws:policy/AmazonEKSClusterPolicy",
              "arn:aws:iam::aws:policy/AmazonEKSVPCResourceController"
            ],
            "max_session_duration": 3600,
            "name": "my-TWS-EKS-cluster-cluster-20250730092723818900000001",
            "name_prefix": "my-TWS-EKS-cluster-cluster-",
            "path": "/",
            "permissions_boundary": "",
            "tags": {},
            "tags_all": {},
            "unique_id": "AROASFUIRRJ3E4MKG5TRI"
          },
          "sensitive_attributes": [],
          "private": "bnVsbA==",
          "dependencies": [
            "module.eks-cluster.data.aws_iam_policy_document.assume_role_policy"
          ],
          "create_before_destroy": true
        }
      ]
    },
    {
      "module": "module.eks-cluster",
      "mode": "managed",
      "type": "aws_iam_role_policy_attachment",
      "name": "cluster_encryption",
      "provider": "provider[\"registry.terraform.io/hashicorp/aws\"]",
      "instances": [
        {
          "index_key": 0,
          "schema_version": 0,
          "attributes": {
            "id": "my-TWS-EKS-cluster-cluster-20250730092723818900000001-20250730092758972700000010",
            "policy_arn": "arn:aws:iam::149536475766:policy/my-TWS-EKS-cluster-cluster-ClusterEncryption2025073009275629430000000f",
            "role": "my-TWS-EKS-cluster-cluster-20250730092723818900000001"
          },
          "sensitive_attributes": [],
          "private": "bnVsbA==",
          "dependencies": [
            "module.eks-cluster.aws_iam_policy.cluster_encryption",
            "module.eks-cluster.aws_iam_role.this",
            "module.eks-cluster.data.aws_caller_identity.current",
            "module.eks-cluster.data.aws_iam_policy_document.assume_role_policy",
            "module.eks-cluster.data.aws_iam_session_context.current",
            "module.eks-cluster.module.kms.aws_kms_external_key.this",
            "module.eks-cluster.module.kms.aws_kms_key.this",
            "module.eks-cluster.module.kms.aws_kms_replica_external_key.this",
            "module.eks-cluster.module.kms.aws_kms_replica_key.this",
            "module.eks-cluster.module.kms.data.aws_caller_identity.current",
            "module.eks-cluster.module.kms.data.aws_iam_policy_document.this",
            "module.eks-cluster.module.kms.data.aws_partition.current"
          ]
        }
      ]
    },
    {
      "module": "module.eks-cluster",
      "mode": "managed",
      "type": "aws_iam_role_policy_attachment",
      "name": "custom",
      "provider": "provider[\"registry.terraform.io/hashicorp/aws\"]",
      "instances": [
        {
          "index_key": 0,
          "schema_version": 0,
          "attributes": {
            "id": "my-TWS-EKS-cluster-cluster-20250730092723818900000001-20250730092727002100000003",
            "policy_arn": "arn:aws:iam::149536475766:policy/my-TWS-EKS-cluster-cluster-20250730092723819100000002",
            "role": "my-TWS-EKS-cluster-cluster-20250730092723818900000001"
          },
          "sensitive_attributes": [],
          "private": "bnVsbA==",
          "dependencies": [
            "module.eks-cluster.aws_iam_policy.custom",
            "module.eks-cluster.aws_iam_role.this",
            "module.eks-cluster.data.aws_iam_policy_document.assume_role_policy",
            "module.eks-cluster.data.aws_iam_policy_document.custom",
            "module.eks-cluster.data.aws_partition.current"
          ]
        }
      ]
    },
    {
      "module": "module.eks-cluster",
      "mode": "managed",
      "type": "aws_iam_role_policy_attachment",
      "name": "this",
      "provider": "provider[\"registry.terraform.io/hashicorp/aws\"]",
      "instances": [
        {
          "index_key": "AmazonEKSClusterPolicy",
          "schema_version": 0,
          "attributes": {
            "id": "my-TWS-EKS-cluster-cluster-20250730092723818900000001-20250730092727051400000004",
            "policy_arn": "arn:aws:iam::aws:policy/AmazonEKSClusterPolicy",
            "role": "my-TWS-EKS-cluster-cluster-20250730092723818900000001"
          },
          "sensitive_attributes": [],
          "private": "bnVsbA==",
          "dependencies": [
            "module.eks-cluster.aws_iam_role.this",
            "module.eks-cluster.data.aws_iam_policy_document.assume_role_policy",
            "module.eks-cluster.data.aws_partition.current"
          ],
          "create_before_destroy": true
        },
        {
          "index_key": "AmazonEKSVPCResourceController",
          "schema_version": 0,
          "attributes": {
            "id": "my-TWS-EKS-cluster-cluster-20250730092723818900000001-20250730092727557800000005",
            "policy_arn": "arn:aws:iam::aws:policy/AmazonEKSVPCResourceController",
            "role": "my-TWS-EKS-cluster-cluster-20250730092723818900000001"
          },
          "sensitive_attributes": [],
          "private": "bnVsbA==",
          "dependencies": [
            "module.eks-cluster.aws_iam_role.this",
            "module.eks-cluster.data.aws_iam_policy_document.assume_role_policy",
            "module.eks-cluster.data.aws_partition.current"
          ],
          "create_before_destroy": true
        }
      ]
    },
    {
      "module": "module.eks-cluster",
      "mode": "managed",
      "type": "aws_security_group",
      "name": "cluster",
      "provider": "provider[\"registry.terraform.io/hashicorp/aws\"]",
      "instances": [
        {
          "index_key": 0,
          "schema_version": 1,
          "attributes": {
            "arn": "arn:aws:ec2:ap-south-1:149536475766:security-group/sg-0a07eaf3ed2ad0c84",
            "description": "EKS cluster security group",
            "egress": [],
            "id": "sg-0a07eaf3ed2ad0c84",
            "ingress": [
              {
                "cidr_blocks": [],
                "description": "Node groups to cluster API",
                "from_port": 443,
                "ipv6_cidr_blocks": [],
                "prefix_list_ids": [],
                "protocol": "tcp",
                "security_groups": [
                  "sg-02b517a2b68bc0bb8"
                ],
                "self": false,
                "to_port": 443
              }
            ],
            "name": "my-TWS-EKS-cluster-cluster-20250730092736343000000009",
            "name_prefix": "my-TWS-EKS-cluster-cluster-",
            "owner_id": "149536475766",
            "revoke_rules_on_delete": false,
            "tags": {
              "Name": "my-TWS-EKS-cluster-cluster"
            },
            "tags_all": {
              "Name": "my-TWS-EKS-cluster-cluster"
            },
            "timeouts": null,
            "vpc_id": "vpc-08a87d398d27703f5"
          },
          "sensitive_attributes": [],
          "private": "eyJlMmJmYjczMC1lY2FhLTExZTYtOGY4OC0zNDM2M2JjN2M0YzAiOnsiY3JlYXRlIjo2MDAwMDAwMDAwMDAsImRlbGV0ZSI6OTAwMDAwMDAwMDAwfSwic2NoZW1hX3ZlcnNpb24iOiIxIn0=",
          "dependencies": [
            "module.vpc.aws_vpc.this"
          ],
          "create_before_destroy": true
        }
      ]
    },
    {
      "module": "module.eks-cluster",
      "mode": "managed",
      "type": "aws_security_group",
      "name": "node",
      "provider": "provider[\"registry.terraform.io/hashicorp/aws\"]",
      "instances": [
        {
          "index_key": 0,
          "schema_version": 1,
          "attributes": {
            "arn": "arn:aws:ec2:ap-south-1:149536475766:security-group/sg-02b517a2b68bc0bb8",
            "description": "EKS node shared security group",
            "egress": [
              {
                "cidr_blocks": [
                  "0.0.0.0/0"
                ],
                "description": "Allow all egress",
                "from_port": 0,
                "ipv6_cidr_blocks": [],
                "prefix_list_ids": [],
                "protocol": "-1",
                "security_groups": [],
                "self": false,
                "to_port": 0
              }
            ],
            "id": "sg-02b517a2b68bc0bb8",
            "ingress": [
              {
                "cidr_blocks": [
                  "0.0.0.0/0"
                ],
                "description": "Allow ArgoCD UI",
                "from_port": 31718,
                "ipv6_cidr_blocks": [],
                "prefix_list_ids": [],
                "protocol": "tcp",
                "security_groups": [],
                "self": false,
                "to_port": 31718
              },
              {
                "cidr_blocks": [
                  "0.0.0.0/0"
                ],
                "description": "Allow Grafana dashboard access",
                "from_port": 3000,
                "ipv6_cidr_blocks": [],
                "prefix_list_ids": [],
                "protocol": "tcp",
                "security_groups": [],
                "self": false,
                "to_port": 3000
              },
              {
                "cidr_blocks": [
                  "0.0.0.0/0"
                ],
                "description": "Allow HTTP traffic",
                "from_port": 80,
                "ipv6_cidr_blocks": [],
                "prefix_list_ids": [],
                "protocol": "tcp",
                "security_groups": [],
                "self": false,
                "to_port": 80
              },
              {
                "cidr_blocks": [
                  "0.0.0.0/0"
                ],
                "description": "Allow Prometheus access",
                "from_port": 9090,
                "ipv6_cidr_blocks": [],
                "prefix_list_ids": [],
                "protocol": "tcp",
                "security_groups": [],
                "self": false,
                "to_port": 9090
              },
              {
                "cidr_blocks": [],
                "description": "Cluster API to node 4443/tcp webhook",
                "from_port": 4443,
                "ipv6_cidr_blocks": [],
                "prefix_list_ids": [],
                "protocol": "tcp",
                "security_groups": [
                  "sg-0a07eaf3ed2ad0c84"
                ],
                "self": false,
                "to_port": 4443
              },
              {
                "cidr_blocks": [],
                "description": "Cluster API to node 6443/tcp webhook",
                "from_port": 6443,
                "ipv6_cidr_blocks": [],
                "prefix_list_ids": [],
                "protocol": "tcp",
                "security_groups": [
                  "sg-0a07eaf3ed2ad0c84"
                ],
                "self": false,
                "to_port": 6443
              },
              {
                "cidr_blocks": [],
                "description": "Cluster API to node 8443/tcp webhook",
                "from_port": 8443,
                "ipv6_cidr_blocks": [],
                "prefix_list_ids": [],
                "protocol": "tcp",
                "security_groups": [
                  "sg-0a07eaf3ed2ad0c84"
                ],
                "self": false,
                "to_port": 8443
              },
              {
                "cidr_blocks": [],
                "description": "Cluster API to node 9443/tcp webhook",
                "from_port": 9443,
                "ipv6_cidr_blocks": [],
                "prefix_list_ids": [],
                "protocol": "tcp",
                "security_groups": [
                  "sg-0a07eaf3ed2ad0c84"
                ],
                "self": false,
                "to_port": 9443
              },
              {
                "cidr_blocks": [],
                "description": "Cluster API to node groups",
                "from_port": 443,
                "ipv6_cidr_blocks": [],
                "prefix_list_ids": [],
                "protocol": "tcp",
                "security_groups": [
                  "sg-0a07eaf3ed2ad0c84"
                ],
                "self": false,
                "to_port": 443
              },
              {
                "cidr_blocks": [],
                "description": "Cluster API to node kubelets",
                "from_port": 10250,
                "ipv6_cidr_blocks": [],
                "prefix_list_ids": [],
                "protocol": "tcp",
                "security_groups": [
                  "sg-0a07eaf3ed2ad0c84"
                ],
                "self": false,
                "to_port": 10250
              },
              {
                "cidr_blocks": [],
                "description": "Node to node CoreDNS UDP",
                "from_port": 53,
                "ipv6_cidr_blocks": [],
                "prefix_list_ids": [],
                "protocol": "udp",
                "security_groups": [],
                "self": true,
                "to_port": 53
              },
              {
                "cidr_blocks": [],
                "description": "Node to node CoreDNS",
                "from_port": 53,
                "ipv6_cidr_blocks": [],
                "prefix_list_ids": [],
                "protocol": "tcp",
                "security_groups": [],
                "self": true,
                "to_port": 53
              },
              {
                "cidr_blocks": [],
                "description": "Node to node ingress on ephemeral ports",
                "from_port": 1025,
                "ipv6_cidr_blocks": [],
                "prefix_list_ids": [],
                "protocol": "tcp",
                "security_groups": [],
                "self": true,
                "to_port": 65535
              }
            ],
            "name": "my-TWS-EKS-cluster-node-20250730092736181700000008",
            "name_prefix": "my-TWS-EKS-cluster-node-",
            "owner_id": "149536475766",
            "revoke_rules_on_delete": false,
            "tags": {
              "Name": "my-TWS-EKS-cluster-node",
              "kubernetes.io/cluster/my-TWS-EKS-cluster": "owned"
            },
            "tags_all": {
              "Name": "my-TWS-EKS-cluster-node",
              "kubernetes.io/cluster/my-TWS-EKS-cluster": "owned"
            },
            "timeouts": null,
            "vpc_id": "vpc-08a87d398d27703f5"
          },
          "sensitive_attributes": [],
          "private": "eyJlMmJmYjczMC1lY2FhLTExZTYtOGY4OC0zNDM2M2JjN2M0YzAiOnsiY3JlYXRlIjo2MDAwMDAwMDAwMDAsImRlbGV0ZSI6OTAwMDAwMDAwMDAwfSwic2NoZW1hX3ZlcnNpb24iOiIxIn0=",
          "dependencies": [
            "module.vpc.aws_vpc.this"
          ],
          "create_before_destroy": true
        }
      ]
    },
    {
      "module": "module.eks-cluster",
      "mode": "managed",
      "type": "aws_security_group_rule",
      "name": "cluster",
      "provider": "provider[\"registry.terraform.io/hashicorp/aws\"]",
      "instances": [
        {
          "index_key": "ingress_nodes_443",
          "schema_version": 2,
          "attributes": {
            "cidr_blocks": null,
            "description": "Node groups to cluster API",
            "from_port": 443,
            "id": "sgrule-1533221534",
            "ipv6_cidr_blocks": null,
            "prefix_list_ids": null,
            "protocol": "tcp",
            "security_group_id": "sg-0a07eaf3ed2ad0c84",
            "security_group_rule_id": "sgr-022010d10b39b2a37",
            "self": false,
            "source_security_group_id": "sg-02b517a2b68bc0bb8",
            "timeouts": null,
            "to_port": 443,
            "type": "ingress"
          },
          "sensitive_attributes": [],
          "private": "eyJlMmJmYjczMC1lY2FhLTExZTYtOGY4OC0zNDM2M2JjN2M0YzAiOnsiY3JlYXRlIjozMDAwMDAwMDAwMDB9LCJzY2hlbWFfdmVyc2lvbiI6IjIifQ==",
          "dependencies": [
            "module.eks-cluster.aws_security_group.cluster",
            "module.eks-cluster.aws_security_group.node",
            "module.vpc.aws_vpc.this"
          ],
          "create_before_destroy": true
        }
      ]
    },
    {
      "module": "module.eks-cluster",
      "mode": "managed",
      "type": "aws_security_group_rule",
      "name": "node",
      "provider": "provider[\"registry.terraform.io/hashicorp/aws\"]",
      "instances": [
        {
          "index_key": "allow_argocd_ui",
          "schema_version": 2,
          "attributes": {
            "cidr_blocks": [
              "0.0.0.0/0"
            ],
            "description": "Allow ArgoCD UI",
            "from_port": 31718,
            "id": "sgrule-484694360",
            "ipv6_cidr_blocks": null,
            "prefix_list_ids": [],
            "protocol": "tcp",
            "security_group_id": "sg-02b517a2b68bc0bb8",
            "security_group_rule_id": "sgr-0f03ea729ca1f4ed6",
            "self": false,
            "source_security_group_id": null,
            "timeouts": null,
            "to_port": 31718,
            "type": "ingress"
          },
          "sensitive_attributes": [],
          "private": "eyJlMmJmYjczMC1lY2FhLTExZTYtOGY4OC0zNDM2M2JjN2M0YzAiOnsiY3JlYXRlIjozMDAwMDAwMDAwMDB9LCJzY2hlbWFfdmVyc2lvbiI6IjIifQ==",
          "dependencies": [
            "module.eks-cluster.aws_security_group.cluster",
            "module.eks-cluster.aws_security_group.node",
            "module.vpc.aws_vpc.this"
          ],
          "create_before_destroy": true
        },
        {
          "index_key": "allow_grafana",
          "schema_version": 2,
          "attributes": {
            "cidr_blocks": [
              "0.0.0.0/0"
            ],
            "description": "Allow Grafana dashboard access",
            "from_port": 3000,
            "id": "sgrule-200211224",
            "ipv6_cidr_blocks": null,
            "prefix_list_ids": [],
            "protocol": "tcp",
            "security_group_id": "sg-02b517a2b68bc0bb8",
            "security_group_rule_id": "sgr-0216270cc269ebd15",
            "self": false,
            "source_security_group_id": null,
            "timeouts": null,
            "to_port": 3000,
            "type": "ingress"
          },
          "sensitive_attributes": [],
          "private": "eyJlMmJmYjczMC1lY2FhLTExZTYtOGY4OC0zNDM2M2JjN2M0YzAiOnsiY3JlYXRlIjozMDAwMDAwMDAwMDB9LCJzY2hlbWFfdmVyc2lvbiI6IjIifQ==",
          "dependencies": [
            "module.eks-cluster.aws_security_group.cluster",
            "module.eks-cluster.aws_security_group.node",
            "module.vpc.aws_vpc.this"
          ],
          "create_before_destroy": true
        },
        {
          "index_key": "allow_http_ingress",
          "schema_version": 2,
          "attributes": {
            "cidr_blocks": [
              "0.0.0.0/0"
            ],
            "description": "Allow HTTP traffic",
            "from_port": 80,
            "id": "sgrule-683455157",
            "ipv6_cidr_blocks": null,
            "prefix_list_ids": [],
            "protocol": "tcp",
            "security_group_id": "sg-02b517a2b68bc0bb8",
            "security_group_rule_id": "sgr-05f38ee06a2694f51",
            "self": false,
            "source_security_group_id": null,
            "timeouts": null,
            "to_port": 80,
            "type": "ingress"
          },
          "sensitive_attributes": [],
          "private": "eyJlMmJmYjczMC1lY2FhLTExZTYtOGY4OC0zNDM2M2JjN2M0YzAiOnsiY3JlYXRlIjozMDAwMDAwMDAwMDB9LCJzY2hlbWFfdmVyc2lvbiI6IjIifQ==",
          "dependencies": [
            "module.eks-cluster.aws_security_group.cluster",
            "module.eks-cluster.aws_security_group.node",
            "module.vpc.aws_vpc.this"
          ],
          "create_before_destroy": true
        },
        {
          "index_key": "allow_prometheus",
          "schema_version": 2,
          "attributes": {
            "cidr_blocks": [
              "0.0.0.0/0"
            ],
            "description": "Allow Prometheus access",
            "from_port": 9090,
            "id": "sgrule-1110695137",
            "ipv6_cidr_blocks": null,
            "prefix_list_ids": [],
            "protocol": "tcp",
            "security_group_id": "sg-02b517a2b68bc0bb8",
            "security_group_rule_id": "sgr-095abb2ea2e2a77c1",
            "self": false,
            "source_security_group_id": null,
            "timeouts": null,
            "to_port": 9090,
            "type": "ingress"
          },
          "sensitive_attributes": [],
          "private": "eyJlMmJmYjczMC1lY2FhLTExZTYtOGY4OC0zNDM2M2JjN2M0YzAiOnsiY3JlYXRlIjozMDAwMDAwMDAwMDB9LCJzY2hlbWFfdmVyc2lvbiI6IjIifQ==",
          "dependencies": [
            "module.eks-cluster.aws_security_group.cluster",
            "module.eks-cluster.aws_security_group.node",
            "module.vpc.aws_vpc.this"
          ],
          "create_before_destroy": true
        },
        {
          "index_key": "egress_all",
          "schema_version": 2,
          "attributes": {
            "cidr_blocks": [
              "0.0.0.0/0"
            ],
            "description": "Allow all egress",
            "from_port": 0,
            "id": "sgrule-330424869",
            "ipv6_cidr_blocks": null,
            "prefix_list_ids": [],
            "protocol": "-1",
            "security_group_id": "sg-02b517a2b68bc0bb8",
            "security_group_rule_id": "sgr-07ac8d1593762b489",
            "self": false,
            "source_security_group_id": null,
            "timeouts": null,
            "to_port": 0,
            "type": "egress"
          },
          "sensitive_attributes": [],
          "private": "eyJlMmJmYjczMC1lY2FhLTExZTYtOGY4OC0zNDM2M2JjN2M0YzAiOnsiY3JlYXRlIjozMDAwMDAwMDAwMDB9LCJzY2hlbWFfdmVyc2lvbiI6IjIifQ==",
          "dependencies": [
            "module.eks-cluster.aws_security_group.cluster",
            "module.eks-cluster.aws_security_group.node",
            "module.vpc.aws_vpc.this"
          ],
          "create_before_destroy": true
        },
        {
          "index_key": "ingress_cluster_443",
          "schema_version": 2,
          "attributes": {
            "cidr_blocks": null,
            "description": "Cluster API to node groups",
            "from_port": 443,
            "id": "sgrule-1867062201",
            "ipv6_cidr_blocks": null,
            "prefix_list_ids": [],
            "protocol": "tcp",
            "security_group_id": "sg-02b517a2b68bc0bb8",
            "security_group_rule_id": "sgr-0d16fd2f12ef927a9",
            "self": false,
            "source_security_group_id": "sg-0a07eaf3ed2ad0c84",
            "timeouts": null,
            "to_port": 443,
            "type": "ingress"
          },
          "sensitive_attributes": [],
          "private": "eyJlMmJmYjczMC1lY2FhLTExZTYtOGY4OC0zNDM2M2JjN2M0YzAiOnsiY3JlYXRlIjozMDAwMDAwMDAwMDB9LCJzY2hlbWFfdmVyc2lvbiI6IjIifQ==",
          "dependencies": [
            "module.eks-cluster.aws_security_group.cluster",
            "module.eks-cluster.aws_security_group.node",
            "module.vpc.aws_vpc.this"
          ],
          "create_before_destroy": true
        },
        {
          "index_key": "ingress_cluster_4443_webhook",
          "schema_version": 2,
          "attributes": {
            "cidr_blocks": null,
            "description": "Cluster API to node 4443/tcp webhook",
            "from_port": 4443,
            "id": "sgrule-2852004794",
            "ipv6_cidr_blocks": null,
            "prefix_list_ids": [],
            "protocol": "tcp",
            "security_group_id": "sg-02b517a2b68bc0bb8",
            "security_group_rule_id": "sgr-0f8a45755fec52add",
            "self": false,
            "source_security_group_id": "sg-0a07eaf3ed2ad0c84",
            "timeouts": null,
            "to_port": 4443,
            "type": "ingress"
          },
          "sensitive_attributes": [],
          "private": "eyJlMmJmYjczMC1lY2FhLTExZTYtOGY4OC0zNDM2M2JjN2M0YzAiOnsiY3JlYXRlIjozMDAwMDAwMDAwMDB9LCJzY2hlbWFfdmVyc2lvbiI6IjIifQ==",
          "dependencies": [
            "module.eks-cluster.aws_security_group.cluster",
            "module.eks-cluster.aws_security_group.node",
            "module.vpc.aws_vpc.this"
          ],
          "create_before_destroy": true
        },
        {
          "index_key": "ingress_cluster_6443_webhook",
          "schema_version": 2,
          "attributes": {
            "cidr_blocks": null,
            "description": "Cluster API to node 6443/tcp webhook",
            "from_port": 6443,
            "id": "sgrule-1622950956",
            "ipv6_cidr_blocks": null,
            "prefix_list_ids": [],
            "protocol": "tcp",
            "security_group_id": "sg-02b517a2b68bc0bb8",
            "security_group_rule_id": "sgr-05d48bff23e92a7f7",
            "self": false,
            "source_security_group_id": "sg-0a07eaf3ed2ad0c84",
            "timeouts": null,
            "to_port": 6443,
            "type": "ingress"
          },
          "sensitive_attributes": [],
          "private": "eyJlMmJmYjczMC1lY2FhLTExZTYtOGY4OC0zNDM2M2JjN2M0YzAiOnsiY3JlYXRlIjozMDAwMDAwMDAwMDB9LCJzY2hlbWFfdmVyc2lvbiI6IjIifQ==",
          "dependencies": [
            "module.eks-cluster.aws_security_group.cluster",
            "module.eks-cluster.aws_security_group.node",
            "module.vpc.aws_vpc.this"
          ],
          "create_before_destroy": true
        },
        {
          "index_key": "ingress_cluster_8443_webhook",
          "schema_version": 2,
          "attributes": {
            "cidr_blocks": null,
            "description": "Cluster API to node 8443/tcp webhook",
            "from_port": 8443,
            "id": "sgrule-1944090637",
            "ipv6_cidr_blocks": null,
            "prefix_list_ids": [],
            "protocol": "tcp",
            "security_group_id": "sg-02b517a2b68bc0bb8",
            "security_group_rule_id": "sgr-0dcecec2af6b3b0c2",
            "self": false,
            "source_security_group_id": "sg-0a07eaf3ed2ad0c84",
            "timeouts": null,
            "to_port": 8443,
            "type": "ingress"
          },
          "sensitive_attributes": [],
          "private": "eyJlMmJmYjczMC1lY2FhLTExZTYtOGY4OC0zNDM2M2JjN2M0YzAiOnsiY3JlYXRlIjozMDAwMDAwMDAwMDB9LCJzY2hlbWFfdmVyc2lvbiI6IjIifQ==",
          "dependencies": [
            "module.eks-cluster.aws_security_group.cluster",
            "module.eks-cluster.aws_security_group.node",
            "module.vpc.aws_vpc.this"
          ],
          "create_before_destroy": true
        },
        {
          "index_key": "ingress_cluster_9443_webhook",
          "schema_version": 2,
          "attributes": {
            "cidr_blocks": null,
            "description": "Cluster API to node 9443/tcp webhook",
            "from_port": 9443,
            "id": "sgrule-390155206",
            "ipv6_cidr_blocks": null,
            "prefix_list_ids": [],
            "protocol": "tcp",
            "security_group_id": "sg-02b517a2b68bc0bb8",
            "security_group_rule_id": "sgr-00a8938180978c7d3",
            "self": false,
            "source_security_group_id": "sg-0a07eaf3ed2ad0c84",
            "timeouts": null,
            "to_port": 9443,
            "type": "ingress"
          },
          "sensitive_attributes": [],
          "private": "eyJlMmJmYjczMC1lY2FhLTExZTYtOGY4OC0zNDM2M2JjN2M0YzAiOnsiY3JlYXRlIjozMDAwMDAwMDAwMDB9LCJzY2hlbWFfdmVyc2lvbiI6IjIifQ==",
          "dependencies": [
            "module.eks-cluster.aws_security_group.cluster",
            "module.eks-cluster.aws_security_group.node",
            "module.vpc.aws_vpc.this"
          ],
          "create_before_destroy": true
        },
        {
          "index_key": "ingress_cluster_kubelet",
          "schema_version": 2,
          "attributes": {
            "cidr_blocks": null,
            "description": "Cluster API to node kubelets",
            "from_port": 10250,
            "id": "sgrule-297261534",
            "ipv6_cidr_blocks": null,
            "prefix_list_ids": [],
            "protocol": "tcp",
            "security_group_id": "sg-02b517a2b68bc0bb8",
            "security_group_rule_id": "sgr-073b43b2cd4227cf9",
            "self": false,
            "source_security_group_id": "sg-0a07eaf3ed2ad0c84",
            "timeouts": null,
            "to_port": 10250,
            "type": "ingress"
          },
          "sensitive_attributes": [],
          "private": "eyJlMmJmYjczMC1lY2FhLTExZTYtOGY4OC0zNDM2M2JjN2M0YzAiOnsiY3JlYXRlIjozMDAwMDAwMDAwMDB9LCJzY2hlbWFfdmVyc2lvbiI6IjIifQ==",
          "dependencies": [
            "module.eks-cluster.aws_security_group.cluster",
            "module.eks-cluster.aws_security_group.node",
            "module.vpc.aws_vpc.this"
          ],
          "create_before_destroy": true
        },
        {
          "index_key": "ingress_nodes_ephemeral",
          "schema_version": 2,
          "attributes": {
            "cidr_blocks": null,
            "description": "Node to node ingress on ephemeral ports",
            "from_port": 1025,
            "id": "sgrule-1117805240",
            "ipv6_cidr_blocks": null,
            "prefix_list_ids": [],
            "protocol": "tcp",
            "security_group_id": "sg-02b517a2b68bc0bb8",
            "security_group_rule_id": "sgr-0f94a5c9c43e6d6cf",
            "self": true,
            "source_security_group_id": null,
            "timeouts": null,
            "to_port": 65535,
            "type": "ingress"
          },
          "sensitive_attributes": [],
          "private": "eyJlMmJmYjczMC1lY2FhLTExZTYtOGY4OC0zNDM2M2JjN2M0YzAiOnsiY3JlYXRlIjozMDAwMDAwMDAwMDB9LCJzY2hlbWFfdmVyc2lvbiI6IjIifQ==",
          "dependencies": [
            "module.eks-cluster.aws_security_group.cluster",
            "module.eks-cluster.aws_security_group.node",
            "module.vpc.aws_vpc.this"
          ],
          "create_before_destroy": true
        },
        {
          "index_key": "ingress_self_coredns_tcp",
          "schema_version": 2,
          "attributes": {
            "cidr_blocks": null,
            "description": "Node to node CoreDNS",
            "from_port": 53,
            "id": "sgrule-2620358826",
            "ipv6_cidr_blocks": null,
            "prefix_list_ids": [],
            "protocol": "tcp",
            "security_group_id": "sg-02b517a2b68bc0bb8",
            "security_group_rule_id": "sgr-0d20a9ab3cdbe1d20",
            "self": true,
            "source_security_group_id": null,
            "timeouts": null,
            "to_port": 53,
            "type": "ingress"
          },
          "sensitive_attributes": [],
          "private": "eyJlMmJmYjczMC1lY2FhLTExZTYtOGY4OC0zNDM2M2JjN2M0YzAiOnsiY3JlYXRlIjozMDAwMDAwMDAwMDB9LCJzY2hlbWFfdmVyc2lvbiI6IjIifQ==",
          "dependencies": [
            "module.eks-cluster.aws_security_group.cluster",
            "module.eks-cluster.aws_security_group.node",
            "module.vpc.aws_vpc.this"
          ],
          "create_before_destroy": true
        },
        {
          "index_key": "ingress_self_coredns_udp",
          "schema_version": 2,
          "attributes": {
            "cidr_blocks": null,
            "description": "Node to node CoreDNS UDP",
            "from_port": 53,
            "id": "sgrule-946873157",
            "ipv6_cidr_blocks": null,
            "prefix_list_ids": [],
            "protocol": "udp",
            "security_group_id": "sg-02b517a2b68bc0bb8",
            "security_group_rule_id": "sgr-01821f34a545f102b",
            "self": true,
            "source_security_group_id": null,
            "timeouts": null,
            "to_port": 53,
            "type": "ingress"
          },
          "sensitive_attributes": [],
          "private": "eyJlMmJmYjczMC1lY2FhLTExZTYtOGY4OC0zNDM2M2JjN2M0YzAiOnsiY3JlYXRlIjozMDAwMDAwMDAwMDB9LCJzY2hlbWFfdmVyc2lvbiI6IjIifQ==",
          "dependencies": [
            "module.eks-cluster.aws_security_group.cluster",
            "module.eks-cluster.aws_security_group.node",
            "module.vpc.aws_vpc.this"
          ],
          "create_before_destroy": true
        }
      ]
    },
    {
      "module": "module.eks-cluster",
      "mode": "managed",
      "type": "time_sleep",
      "name": "this",
      "provider": "provider[\"registry.terraform.io/hashicorp/time\"]",
      "instances": [
        {
          "index_key": 0,
          "schema_version": 0,
          "attributes": {
            "create_duration": "30s",
            "destroy_duration": null,
            "id": "2025-07-30T09:36:46Z",
            "triggers": {
              "cluster_certificate_authority_data": "LS0tLS1CRUdJTiBDRVJUSUZJQ0FURS0tLS0tCk1JSURCVENDQWUyZ0F3SUJBZ0lJYTJ5ZE9kbFY2aGN3RFFZSktvWklodmNOQVFFTEJRQXdGVEVUTUJFR0ExVUUKQXhNS2EzVmlaWEp1WlhSbGN6QWVGdzB5TlRBM016QXdPVEkzTURWYUZ3MHpOVEEzTWpnd09UTXlNRFZhTUJVeApFekFSQmdOVkJBTVRDbXQxWW1WeWJtVjBaWE13Z2dFaU1BMEdDU3FHU0liM0RRRUJBUVVBQTRJQkR3QXdnZ0VLCkFvSUJBUUQzVGZEaTljZHZtVEVsWmFENHorRWRZWWViUEN3dFpqKzc3WkY0S1lEMTBBSUNrU2x2djlKTGZIaTYKMXRuczFRZDF0TVFkUHh3Qzl5Y1M4QmJWOFpTSDBKbTRueW1qdXhOSloxRlBZQkp2RDZmQU9MdUhJNVVYYmpSOApvZ1lyN0VSbE9XVjk3cjBUT2VFdzF3ajJaQStyVzhsdHRhRW9QQ2I4Y3dNSlhvbWJnejBYK20zYkYwK1lFRVJQCnpndDUvT25XYmF0aXZCSzA0RDVzaXZNR3I0TGgxVDN5aTR6MCtESHJsUzJTYWY5UXF5bktCUC9iSitXWkd4VDkKWURLMVpPYzR3OVBDMnF1Z2JJdllNeUp2ckhzWFE1azBtQlBuYkx0VmsvNUIrOHV2anhHZU5kRHJoMVVka3lFRApoSGpNTlRhYnNTaEpPSG4yMWZ5ZVNHbXZmNGt2QWdNQkFBR2pXVEJYTUE0R0ExVWREd0VCL3dRRUF3SUNwREFQCkJnTlZIUk1CQWY4RUJUQURBUUgvTUIwR0ExVWREZ1FXQkJTc0JjOHlNUlZFNU05bjZaYUZDNFFJeEFIOXF6QVYKQmdOVkhSRUVEakFNZ2dwcmRXSmxjbTVsZEdWek1BMEdDU3FHU0liM0RRRUJDd1VBQTRJQkFRRFhSQVp3cE1NdQpNcnN4dHd2eDAyT21QbXc4bnRPSUhBZWhpUWcrSTU3RjlUYitvSEdTRzNFZlVxV0llb1ZCVWEzcUJJWHowckVLCnlQZHJCWk9WMjU5d2x4ekVrM0FlMnlBUmxvRCtEZFhmeXcyQWlmWVc4Qk43d1VScC8yV1QyZ0tFK3dOOHI5aWIKYnlvbGxxSklVYUdWdnNrVFpncm5EZXhZMjgreVFKSEJyUnBTWDZTQTNNb0s1am1HaGc4dmdnVldFZHhVOEE5MgpjdXhYSXRNVXArQ0xpNHB6emdNbUVrS01EVVhpWjlDVVFZUEdDQ2pyME0vQ1NsVDY1NFhPbk9IMVpaYWtTdWliCmFXbFRhQmtWaC9DS3lITUVKM3JVNkJhZmtNdVUvaUsxSUFIV2hhZnNYVER0R2RYN21OcjZGclRhSnFWeHhLNmIKT2RxQnA3dzVxQ3VlCi0tLS0tRU5EIENFUlRJRklDQVRFLS0tLS0K",
              "cluster_endpoint": "https://88B717365358925FB5456D7E58027BAD.gr7.ap-south-1.eks.amazonaws.com",
              "cluster_name": "my-TWS-EKS-cluster",
              "cluster_service_cidr": "172.20.0.0/16",
              "cluster_version": "1.31"
            }
          },
          "sensitive_attributes": [],
          "dependencies": [
            "module.eks-cluster.aws_cloudwatch_log_group.this",
            "module.eks-cluster.aws_eks_cluster.this",
            "module.eks-cluster.aws_iam_policy.cni_ipv6_policy",
            "module.eks-cluster.aws_iam_role.eks_auto",
            "module.eks-cluster.aws_iam_role.this",
            "module.eks-cluster.aws_iam_role_policy_attachment.this",
            "module.eks-cluster.aws_security_group.cluster",
            "module.eks-cluster.aws_security_group.node",
            "module.eks-cluster.aws_security_group_rule.cluster",
            "module.eks-cluster.aws_security_group_rule.node",
            "module.eks-cluster.data.aws_caller_identity.current",
            "module.eks-cluster.data.aws_iam_policy_document.assume_role_policy",
            "module.eks-cluster.data.aws_iam_policy_document.cni_ipv6_policy",
            "module.eks-cluster.data.aws_iam_policy_document.node_assume_role_policy",
            "module.eks-cluster.data.aws_iam_session_context.current",
            "module.eks-cluster.data.aws_partition.current",
            "module.eks-cluster.module.kms.aws_kms_external_key.this",
            "module.eks-cluster.module.kms.aws_kms_key.this",
            "module.eks-cluster.module.kms.aws_kms_replica_external_key.this",
            "module.eks-cluster.module.kms.aws_kms_replica_key.this",
            "module.eks-cluster.module.kms.data.aws_caller_identity.current",
            "module.eks-cluster.module.kms.data.aws_iam_policy_document.this",
            "module.eks-cluster.module.kms.data.aws_partition.current",
            "module.vpc.aws_subnet.intra",
            "module.vpc.aws_subnet.private",
            "module.vpc.aws_vpc.this",
            "module.vpc.aws_vpc_ipv4_cidr_block_association.this"
          ],
          "create_before_destroy": true
        }
      ]
    },
    {
      "module": "module.eks-cluster.module.eks_managed_node_group[\"tws-cluster-node-group\"]",
      "mode": "data",
      "type": "aws_caller_identity",
      "name": "current",
      "provider": "provider[\"registry.terraform.io/hashicorp/aws\"]",
      "instances": [
        {
          "schema_version": 0,
          "attributes": {
            "account_id": "149536475766",
            "arn": "arn:aws:iam::149536475766:user/teraform",
            "id": "149536475766",
            "user_id": "AIDASFUIRRJ3BVPVWRAJT"
          },
          "sensitive_attributes": []
        }
      ]
    },
    {
      "module": "module.eks-cluster.module.eks_managed_node_group[\"tws-cluster-node-group\"]",
      "mode": "data",
      "type": "aws_iam_policy_document",
      "name": "assume_role_policy",
      "provider": "provider[\"registry.terraform.io/hashicorp/aws\"]",
      "instances": [
        {
          "index_key": 0,
          "schema_version": 0,
          "attributes": {
            "id": "2560088296",
            "json": "{\n  \"Version\": \"2012-10-17\",\n  \"Statement\": [\n    {\n      \"Sid\": \"EKSNodeAssumeRole\",\n      \"Effect\": \"Allow\",\n      \"Action\": \"sts:AssumeRole\",\n      \"Principal\": {\n        \"Service\": \"ec2.amazonaws.com\"\n      }\n    }\n  ]\n}",
            "minified_json": "{\"Version\":\"2012-10-17\",\"Statement\":[{\"Sid\":\"EKSNodeAssumeRole\",\"Effect\":\"Allow\",\"Action\":\"sts:AssumeRole\",\"Principal\":{\"Service\":\"ec2.amazonaws.com\"}}]}",
            "override_json": null,
            "override_policy_documents": null,
            "policy_id": null,
            "source_json": null,
            "source_policy_documents": null,
            "statement": [
              {
                "actions": [
                  "sts:AssumeRole"
                ],
                "condition": [],
                "effect": "Allow",
                "not_actions": [],
                "not_principals": [],
                "not_resources": [],
                "principals": [
                  {
                    "identifiers": [
                      "ec2.amazonaws.com"
                    ],
                    "type": "Service"
                  }
                ],
                "resources": [],
                "sid": "EKSNodeAssumeRole"
              }
            ],
            "version": "2012-10-17"
          },
          "sensitive_attributes": []
        }
      ]
    },
    {
      "module": "module.eks-cluster.module.eks_managed_node_group[\"tws-cluster-node-group\"]",
      "mode": "data",
      "type": "aws_partition",
      "name": "current",
      "provider": "provider[\"registry.terraform.io/hashicorp/aws\"]",
      "instances": [
        {
          "schema_version": 0,
          "attributes": {
            "dns_suffix": "amazonaws.com",
            "id": "aws",
            "partition": "aws",
            "reverse_dns_prefix": "com.amazonaws"
          },
          "sensitive_attributes": []
        }
      ]
    },
    {
      "module": "module.eks-cluster.module.eks_managed_node_group[\"tws-cluster-node-group\"]",
      "mode": "managed",
      "type": "aws_eks_node_group",
      "name": "this",
      "provider": "provider[\"registry.terraform.io/hashicorp/aws\"]",
      "instances": [
        {
          "index_key": 0,
          "schema_version": 0,
          "attributes": {
            "ami_type": "AL2023_x86_64_STANDARD",
            "arn": "arn:aws:eks:ap-south-1:149536475766:nodegroup/my-TWS-EKS-cluster/tws-cluster-node-group-20250730093653240000000013/76cc2d58-8e1a-f1c2-3b24-714169924d1b",
            "capacity_type": "SPOT",
            "cluster_name": "my-TWS-EKS-cluster",
            "disk_size": 0,
            "force_update_version": null,
            "id": "my-TWS-EKS-cluster:tws-cluster-node-group-20250730093653240000000013",
            "instance_types": [
              "t2.medium"
            ],
            "labels": {},
            "launch_template": [
              {
                "id": "lt-00199d2d066f5b5ca",
                "name": "tws-cluster-node-group-20250730093647064300000011",
                "version": "1"
              }
            ],
            "node_group_name": "tws-cluster-node-group-20250730093653240000000013",
            "node_group_name_prefix": "tws-cluster-node-group-",
            "node_repair_config": [],
            "node_role_arn": "arn:aws:iam::149536475766:role/tws-cluster-node-group-eks-node-group-2025073009274715110000000b",
            "release_version": "1.31.7-20250715",
            "remote_access": [],
            "resources": [
              {
                "autoscaling_groups": [
                  {
                    "name": "eks-tws-cluster-node-group-20250730093653240000000013-76cc2d58-8e1a-f1c2-3b24-714169924d1b"
                  }
                ],
                "remote_access_security_group_id": ""
              }
            ],
            "scaling_config": [
              {
                "desired_size": 2,
                "max_size": 2,
                "min_size": 1
              }
            ],
            "status": "ACTIVE",
            "subnet_ids": [
              "subnet-0709e483f2b6b285f",
              "subnet-0c67c8390fca40227",
              "subnet-0cba5c0467570345e"
            ],
            "tags": {
              "Name": "tws-cluster-node-group"
            },
            "tags_all": {
              "Name": "tws-cluster-node-group"
            },
            "taint": [],
            "timeouts": {
              "create": null,
              "delete": null,
              "update": null
            },
            "update_config": [
              {
                "max_unavailable": 0,
                "max_unavailable_percentage": 33
              }
            ],
            "version": "1.31"
          },
          "sensitive_attributes": [],
          "private": "eyJlMmJmYjczMC1lY2FhLTExZTYtOGY4OC0zNDM2M2JjN2M0YzAiOnsiY3JlYXRlIjozNjAwMDAwMDAwMDAwLCJkZWxldGUiOjM2MDAwMDAwMDAwMDAsInVwZGF0ZSI6MzYwMDAwMDAwMDAwMH19",
          "dependencies": [
            "module.eks-cluster.aws_cloudwatch_log_group.this",
            "module.eks-cluster.aws_eks_cluster.this",
            "module.eks-cluster.aws_iam_policy.cni_ipv6_policy",
            "module.eks-cluster.aws_iam_role.eks_auto",
            "module.eks-cluster.aws_iam_role.this",
            "module.eks-cluster.aws_iam_role_policy_attachment.this",
            "module.eks-cluster.aws_security_group.cluster",
            "module.eks-cluster.aws_security_group.node",
            "module.eks-cluster.aws_security_group_rule.cluster",
            "module.eks-cluster.aws_security_group_rule.node",
            "module.eks-cluster.data.aws_caller_identity.current",
            "module.eks-cluster.data.aws_iam_policy_document.assume_role_policy",
            "module.eks-cluster.data.aws_iam_policy_document.cni_ipv6_policy",
            "module.eks-cluster.data.aws_iam_policy_document.node_assume_role_policy",
            "module.eks-cluster.data.aws_iam_session_context.current",
            "module.eks-cluster.data.aws_partition.current",
            "module.eks-cluster.module.eks_managed_node_group.aws_iam_role.this",
            "module.eks-cluster.module.eks_managed_node_group.aws_iam_role_policy_attachment.additional",
            "module.eks-cluster.module.eks_managed_node_group.aws_iam_role_policy_attachment.this",
            "module.eks-cluster.module.eks_managed_node_group.aws_launch_template.this",
            "module.eks-cluster.module.eks_managed_node_group.aws_placement_group.this",
            "module.eks-cluster.module.eks_managed_node_group.data.aws_caller_identity.current",
            "module.eks-cluster.module.eks_managed_node_group.data.aws_ec2_instance_type.this",
            "module.eks-cluster.module.eks_managed_node_group.data.aws_ec2_instance_type_offerings.this",
            "module.eks-cluster.module.eks_managed_node_group.data.aws_iam_policy_document.assume_role_policy",
            "module.eks-cluster.module.eks_managed_node_group.data.aws_partition.current",
            "module.eks-cluster.module.eks_managed_node_group.data.aws_ssm_parameter.ami",
            "module.eks-cluster.module.eks_managed_node_group.data.aws_subnets.placement_group",
            "module.eks-cluster.module.eks_managed_node_group.module.user_data.data.cloudinit_config.al2023_eks_managed_node_group",
            "module.eks-cluster.module.eks_managed_node_group.module.user_data.data.cloudinit_config.linux_eks_managed_node_group",
            "module.eks-cluster.module.kms.aws_kms_external_key.this",
            "module.eks-cluster.module.kms.aws_kms_key.this",
            "module.eks-cluster.module.kms.aws_kms_replica_external_key.this",
            "module.eks-cluster.module.kms.aws_kms_replica_key.this",
            "module.eks-cluster.module.kms.data.aws_caller_identity.current",
            "module.eks-cluster.module.kms.data.aws_iam_policy_document.this",
            "module.eks-cluster.module.kms.data.aws_partition.current",
            "module.eks-cluster.time_sleep.this",
            "module.vpc.aws_subnet.intra",
            "module.vpc.aws_subnet.private",
            "module.vpc.aws_subnet.public",
            "module.vpc.aws_vpc.this",
            "module.vpc.aws_vpc_ipv4_cidr_block_association.this"
          ],
          "create_before_destroy": true
        }
      ]
    },
    {
      "module": "module.eks-cluster.module.eks_managed_node_group[\"tws-cluster-node-group\"]",
      "mode": "managed",
      "type": "aws_iam_role",
      "name": "this",
      "provider": "provider[\"registry.terraform.io/hashicorp/aws\"]",
      "instances": [
        {
          "index_key": 0,
          "schema_version": 0,
          "attributes": {
            "arn": "arn:aws:iam::149536475766:role/tws-cluster-node-group-eks-node-group-2025073009274715110000000b",
            "assume_role_policy": "{\"Statement\":[{\"Action\":\"sts:AssumeRole\",\"Effect\":\"Allow\",\"Principal\":{\"Service\":\"ec2.amazonaws.com\"},\"Sid\":\"EKSNodeAssumeRole\"}],\"Version\":\"2012-10-17\"}",
            "create_date": "2025-07-30T09:27:47Z",
            "description": "EKS managed node group IAM role",
            "force_detach_policies": true,
            "id": "tws-cluster-node-group-eks-node-group-2025073009274715110000000b",
            "inline_policy": [],
            "managed_policy_arns": [
              "arn:aws:iam::aws:policy/AmazonEC2ContainerRegistryReadOnly",
              "arn:aws:iam::aws:policy/AmazonEKSWorkerNodePolicy",
              "arn:aws:iam::aws:policy/AmazonEKS_CNI_Policy"
            ],
            "max_session_duration": 3600,
            "name": "tws-cluster-node-group-eks-node-group-2025073009274715110000000b",
            "name_prefix": "tws-cluster-node-group-eks-node-group-",
            "path": "/",
            "permissions_boundary": "",
            "tags": {},
            "tags_all": {},
            "unique_id": "AROASFUIRRJ3FGNCBQ4LT"
          },
          "sensitive_attributes": [],
          "private": "bnVsbA==",
          "dependencies": [
            "module.eks-cluster.module.eks_managed_node_group.data.aws_iam_policy_document.assume_role_policy",
            "module.vpc.aws_subnet.public",
            "module.vpc.aws_vpc.this",
            "module.vpc.aws_vpc_ipv4_cidr_block_association.this"
          ],
          "create_before_destroy": true
        }
      ]
    },
    {
      "module": "module.eks-cluster.module.eks_managed_node_group[\"tws-cluster-node-group\"]",
      "mode": "managed",
      "type": "aws_iam_role_policy_attachment",
      "name": "this",
      "provider": "provider[\"registry.terraform.io/hashicorp/aws\"]",
      "instances": [
        {
          "index_key": "AmazonEC2ContainerRegistryReadOnly",
          "schema_version": 0,
          "attributes": {
            "id": "tws-cluster-node-group-eks-node-group-2025073009274715110000000b-2025073009274976260000000d",
            "policy_arn": "arn:aws:iam::aws:policy/AmazonEC2ContainerRegistryReadOnly",
            "role": "tws-cluster-node-group-eks-node-group-2025073009274715110000000b"
          },
          "sensitive_attributes": [],
          "private": "bnVsbA==",
          "dependencies": [
            "module.eks-cluster.module.eks_managed_node_group.aws_iam_role.this",
            "module.eks-cluster.module.eks_managed_node_group.data.aws_caller_identity.current",
            "module.eks-cluster.module.eks_managed_node_group.data.aws_iam_policy_document.assume_role_policy",
            "module.eks-cluster.module.eks_managed_node_group.data.aws_partition.current",
            "module.vpc.aws_subnet.public",
            "module.vpc.aws_vpc.this",
            "module.vpc.aws_vpc_ipv4_cidr_block_association.this"
          ],
          "create_before_destroy": true
        },
        {
          "index_key": "AmazonEKSWorkerNodePolicy",
          "schema_version": 0,
          "attributes": {
            "id": "tws-cluster-node-group-eks-node-group-2025073009274715110000000b-2025073009275004000000000e",
            "policy_arn": "arn:aws:iam::aws:policy/AmazonEKSWorkerNodePolicy",
            "role": "tws-cluster-node-group-eks-node-group-2025073009274715110000000b"
          },
          "sensitive_attributes": [],
          "private": "bnVsbA==",
          "dependencies": [
            "module.eks-cluster.module.eks_managed_node_group.aws_iam_role.this",
            "module.eks-cluster.module.eks_managed_node_group.data.aws_caller_identity.current",
            "module.eks-cluster.module.eks_managed_node_group.data.aws_iam_policy_document.assume_role_policy",
            "module.eks-cluster.module.eks_managed_node_group.data.aws_partition.current",
            "module.vpc.aws_subnet.public",
            "module.vpc.aws_vpc.this",
            "module.vpc.aws_vpc_ipv4_cidr_block_association.this"
          ],
          "create_before_destroy": true
        },
        {
          "index_key": "AmazonEKS_CNI_Policy",
          "schema_version": 0,
          "attributes": {
            "id": "tws-cluster-node-group-eks-node-group-2025073009274715110000000b-2025073009274975570000000c",
            "policy_arn": "arn:aws:iam::aws:policy/AmazonEKS_CNI_Policy",
            "role": "tws-cluster-node-group-eks-node-group-2025073009274715110000000b"
          },
          "sensitive_attributes": [],
          "private": "bnVsbA==",
          "dependencies": [
            "module.eks-cluster.module.eks_managed_node_group.aws_iam_role.this",
            "module.eks-cluster.module.eks_managed_node_group.data.aws_caller_identity.current",
            "module.eks-cluster.module.eks_managed_node_group.data.aws_iam_policy_document.assume_role_policy",
            "module.eks-cluster.module.eks_managed_node_group.data.aws_partition.current",
            "module.vpc.aws_subnet.public",
            "module.vpc.aws_vpc.this",
            "module.vpc.aws_vpc_ipv4_cidr_block_association.this"
          ],
          "create_before_destroy": true
        }
      ]
    },
    {
      "module": "module.eks-cluster.module.eks_managed_node_group[\"tws-cluster-node-group\"]",
      "mode": "managed",
      "type": "aws_launch_template",
      "name": "this",
      "provider": "provider[\"registry.terraform.io/hashicorp/aws\"]",
      "instances": [
        {
          "index_key": 0,
          "schema_version": 0,
          "attributes": {
            "arn": "arn:aws:ec2:ap-south-1:149536475766:launch-template/lt-00199d2d066f5b5ca",
            "block_device_mappings": [],
            "capacity_reservation_specification": [],
            "cpu_options": [],
            "credit_specification": [],
            "default_version": 1,
            "description": "Custom launch template for tws-cluster-node-group EKS managed node group",
            "disable_api_stop": false,
            "disable_api_termination": false,
            "ebs_optimized": "",
            "elastic_gpu_specifications": [],
            "elastic_inference_accelerator": [],
            "enclave_options": [],
            "hibernation_options": [],
            "iam_instance_profile": [],
            "id": "lt-00199d2d066f5b5ca",
            "image_id": "",
            "instance_initiated_shutdown_behavior": "",
            "instance_market_options": [],
            "instance_requirements": [],
            "instance_type": "",
            "kernel_id": "",
            "key_name": "ec2-key-pair",
            "latest_version": 1,
            "license_specification": [],
            "maintenance_options": [],
            "metadata_options": [
              {
                "http_endpoint": "enabled",
                "http_protocol_ipv6": "",
                "http_put_response_hop_limit": 2,
                "http_tokens": "required",
                "instance_metadata_tags": ""
              }
            ],
            "monitoring": [
              {
                "enabled": true
              }
            ],
            "name": "tws-cluster-node-group-20250730093647064300000011",
            "name_prefix": "tws-cluster-node-group-",
            "network_interfaces": [],
            "placement": [],
            "private_dns_name_options": [],
            "ram_disk_id": "",
            "security_group_names": [],
            "tag_specifications": [
              {
                "resource_type": "instance",
                "tags": {
                  "Name": "tws-cluster-node-group"
                }
              },
              {
                "resource_type": "network-interface",
                "tags": {
                  "Name": "tws-cluster-node-group"
                }
              },
              {
                "resource_type": "volume",
                "tags": {
                  "Name": "tws-cluster-node-group"
                }
              }
            ],
            "tags": {},
            "tags_all": {},
            "update_default_version": true,
            "user_data": "",
            "vpc_security_group_ids": [
              "sg-02b517a2b68bc0bb8",
              "sg-0e45fb688b8450304"
            ]
          },
          "sensitive_attributes": [],
          "private": "bnVsbA==",
          "dependencies": [
            "module.eks-cluster.aws_cloudwatch_log_group.this",
            "module.eks-cluster.aws_eks_cluster.this",
            "module.eks-cluster.aws_iam_policy.cni_ipv6_policy",
            "module.eks-cluster.aws_iam_role.eks_auto",
            "module.eks-cluster.aws_iam_role.this",
            "module.eks-cluster.aws_iam_role_policy_attachment.this",
            "module.eks-cluster.aws_security_group.cluster",
            "module.eks-cluster.aws_security_group.node",
            "module.eks-cluster.aws_security_group_rule.cluster",
            "module.eks-cluster.aws_security_group_rule.node",
            "module.eks-cluster.data.aws_caller_identity.current",
            "module.eks-cluster.data.aws_iam_policy_document.assume_role_policy",
            "module.eks-cluster.data.aws_iam_policy_document.cni_ipv6_policy",
            "module.eks-cluster.data.aws_iam_policy_document.node_assume_role_policy",
            "module.eks-cluster.data.aws_iam_session_context.current",
            "module.eks-cluster.data.aws_partition.current",
            "module.eks-cluster.module.eks_managed_node_group.aws_iam_role.this",
            "module.eks-cluster.module.eks_managed_node_group.aws_iam_role_policy_attachment.additional",
            "module.eks-cluster.module.eks_managed_node_group.aws_iam_role_policy_attachment.this",
            "module.eks-cluster.module.eks_managed_node_group.aws_placement_group.this",
            "module.eks-cluster.module.eks_managed_node_group.data.aws_caller_identity.current",
            "module.eks-cluster.module.eks_managed_node_group.data.aws_ec2_instance_type.this",
            "module.eks-cluster.module.eks_managed_node_group.data.aws_iam_policy_document.assume_role_policy",
            "module.eks-cluster.module.eks_managed_node_group.data.aws_partition.current",
            "module.eks-cluster.module.eks_managed_node_group.module.user_data.data.cloudinit_config.al2023_eks_managed_node_group",
            "module.eks-cluster.module.eks_managed_node_group.module.user_data.data.cloudinit_config.linux_eks_managed_node_group",
            "module.eks-cluster.module.kms.aws_kms_external_key.this",
            "module.eks-cluster.module.kms.aws_kms_key.this",
            "module.eks-cluster.module.kms.aws_kms_replica_external_key.this",
            "module.eks-cluster.module.kms.aws_kms_replica_key.this",
            "module.eks-cluster.module.kms.data.aws_caller_identity.current",
            "module.eks-cluster.module.kms.data.aws_iam_policy_document.this",
            "module.eks-cluster.module.kms.data.aws_partition.current",
            "module.eks-cluster.time_sleep.this",
            "module.vpc.aws_subnet.intra",
            "module.vpc.aws_subnet.private",
            "module.vpc.aws_subnet.public",
            "module.vpc.aws_vpc.this",
            "module.vpc.aws_vpc_ipv4_cidr_block_association.this"
          ],
          "create_before_destroy": true
        }
      ]
    },
    {
      "module": "module.eks-cluster.module.eks_managed_node_group[\"tws-cluster-node-group\"].module.user_data",
      "mode": "managed",
      "type": "null_resource",
      "name": "validate_cluster_service_cidr",
      "provider": "provider[\"registry.terraform.io/hashicorp/null\"]",
      "instances": [
        {
          "schema_version": 0,
          "attributes": {
            "id": "6861545386970466473",
            "triggers": null
          },
          "sensitive_attributes": [],
          "dependencies": [
            "module.eks-cluster.aws_cloudwatch_log_group.this",
            "module.eks-cluster.aws_eks_cluster.this",
            "module.eks-cluster.aws_iam_policy.cni_ipv6_policy",
            "module.eks-cluster.aws_iam_role.eks_auto",
            "module.eks-cluster.aws_iam_role.this",
            "module.eks-cluster.aws_iam_role_policy_attachment.this",
            "module.eks-cluster.aws_security_group.cluster",
            "module.eks-cluster.aws_security_group.node",
            "module.eks-cluster.aws_security_group_rule.cluster",
            "module.eks-cluster.aws_security_group_rule.node",
            "module.eks-cluster.data.aws_caller_identity.current",
            "module.eks-cluster.data.aws_iam_policy_document.assume_role_policy",
            "module.eks-cluster.data.aws_iam_policy_document.cni_ipv6_policy",
            "module.eks-cluster.data.aws_iam_policy_document.node_assume_role_policy",
            "module.eks-cluster.data.aws_iam_session_context.current",
            "module.eks-cluster.data.aws_partition.current",
            "module.eks-cluster.module.kms.aws_kms_external_key.this",
            "module.eks-cluster.module.kms.aws_kms_key.this",
            "module.eks-cluster.module.kms.aws_kms_replica_external_key.this",
            "module.eks-cluster.module.kms.aws_kms_replica_key.this",
            "module.eks-cluster.module.kms.data.aws_caller_identity.current",
            "module.eks-cluster.module.kms.data.aws_iam_policy_document.this",
            "module.eks-cluster.module.kms.data.aws_partition.current",
            "module.eks-cluster.time_sleep.this",
            "module.vpc.aws_subnet.intra",
            "module.vpc.aws_subnet.private",
            "module.vpc.aws_subnet.public",
            "module.vpc.aws_vpc.this",
            "module.vpc.aws_vpc_ipv4_cidr_block_association.this"
          ]
        }
      ]
    },
    {
      "module": "module.eks-cluster.module.kms",
      "mode": "data",
      "type": "aws_caller_identity",
      "name": "current",
      "provider": "provider[\"registry.terraform.io/hashicorp/aws\"]",
      "instances": [
        {
          "index_key": 0,
          "schema_version": 0,
          "attributes": {
            "account_id": "149536475766",
            "arn": "arn:aws:iam::149536475766:user/teraform",
            "id": "149536475766",
            "user_id": "AIDASFUIRRJ3BVPVWRAJT"
          },
          "sensitive_attributes": []
        }
      ]
    },
    {
      "module": "module.eks-cluster.module.kms",
      "mode": "data",
      "type": "aws_iam_policy_document",
      "name": "this",
      "provider": "provider[\"registry.terraform.io/hashicorp/aws\"]",
      "instances": [
        {
          "index_key": 0,
          "schema_version": 0,
          "attributes": {
            "id": "2249750259",
            "json": "{\n  \"Version\": \"2012-10-17\",\n  \"Statement\": [\n    {\n      \"Sid\": \"Default\",\n      \"Effect\": \"Allow\",\n      \"Action\": \"kms:*\",\n      \"Resource\": \"*\",\n      \"Principal\": {\n        \"AWS\": \"arn:aws:iam::149536475766:root\"\n      }\n    },\n    {\n      \"Sid\": \"KeyAdministration\",\n      \"Effect\": \"Allow\",\n      \"Action\": [\n        \"kms:Update*\",\n        \"kms:UntagResource\",\n        \"kms:TagResource\",\n        \"kms:ScheduleKeyDeletion\",\n        \"kms:Revoke*\",\n        \"kms:ReplicateKey\",\n        \"kms:Put*\",\n        \"kms:List*\",\n        \"kms:ImportKeyMaterial\",\n        \"kms:Get*\",\n        \"kms:Enable*\",\n        \"kms:Disable*\",\n        \"kms:Describe*\",\n        \"kms:Delete*\",\n        \"kms:Create*\",\n        \"kms:CancelKeyDeletion\"\n      ],\n      \"Resource\": \"*\",\n      \"Principal\": {\n        \"AWS\": \"arn:aws:iam::149536475766:user/teraform\"\n      }\n    },\n    {\n      \"Sid\": \"KeyUsage\",\n      \"Effect\": \"Allow\",\n      \"Action\": [\n        \"kms:ReEncrypt*\",\n        \"kms:GenerateDataKey*\",\n        \"kms:Encrypt\",\n        \"kms:DescribeKey\",\n        \"kms:Decrypt\"\n      ],\n      \"Resource\": \"*\",\n      \"Principal\": {\n        \"AWS\": \"arn:aws:iam::149536475766:role/my-TWS-EKS-cluster-cluster-20250730092723818900000001\"\n      }\n    }\n  ]\n}",
            "minified_json": "{\"Version\":\"2012-10-17\",\"Statement\":[{\"Sid\":\"Default\",\"Effect\":\"Allow\",\"Action\":\"kms:*\",\"Resource\":\"*\",\"Principal\":{\"AWS\":\"arn:aws:iam::149536475766:root\"}},{\"Sid\":\"KeyAdministration\",\"Effect\":\"Allow\",\"Action\":[\"kms:Update*\",\"kms:UntagResource\",\"kms:TagResource\",\"kms:ScheduleKeyDeletion\",\"kms:Revoke*\",\"kms:ReplicateKey\",\"kms:Put*\",\"kms:List*\",\"kms:ImportKeyMaterial\",\"kms:Get*\",\"kms:Enable*\",\"kms:Disable*\",\"kms:Describe*\",\"kms:Delete*\",\"kms:Create*\",\"kms:CancelKeyDeletion\"],\"Resource\":\"*\",\"Principal\":{\"AWS\":\"arn:aws:iam::149536475766:user/teraform\"}},{\"Sid\":\"KeyUsage\",\"Effect\":\"Allow\",\"Action\":[\"kms:ReEncrypt*\",\"kms:GenerateDataKey*\",\"kms:Encrypt\",\"kms:DescribeKey\",\"kms:Decrypt\"],\"Resource\":\"*\",\"Principal\":{\"AWS\":\"arn:aws:iam::149536475766:role/my-TWS-EKS-cluster-cluster-20250730092723818900000001\"}}]}",
            "override_json": null,
            "override_policy_documents": null,
            "policy_id": null,
            "source_json": null,
            "source_policy_documents": null,
            "statement": [
              {
                "actions": [
                  "kms:*"
                ],
                "condition": [],
                "effect": "Allow",
                "not_actions": [],
                "not_principals": [],
                "not_resources": [],
                "principals": [
                  {
                    "identifiers": [
                      "arn:aws:iam::149536475766:root"
                    ],
                    "type": "AWS"
                  }
                ],
                "resources": [
                  "*"
                ],
                "sid": "Default"
              },
              {
                "actions": [
                  "kms:CancelKeyDeletion",
                  "kms:Create*",
                  "kms:Delete*",
                  "kms:Describe*",
                  "kms:Disable*",
                  "kms:Enable*",
                  "kms:Get*",
                  "kms:ImportKeyMaterial",
                  "kms:List*",
                  "kms:Put*",
                  "kms:ReplicateKey",
                  "kms:Revoke*",
                  "kms:ScheduleKeyDeletion",
                  "kms:TagResource",
                  "kms:UntagResource",
                  "kms:Update*"
                ],
                "condition": [],
                "effect": "Allow",
                "not_actions": [],
                "not_principals": [],
                "not_resources": [],
                "principals": [
                  {
                    "identifiers": [
                      "arn:aws:iam::149536475766:user/teraform"
                    ],
                    "type": "AWS"
                  }
                ],
                "resources": [
                  "*"
                ],
                "sid": "KeyAdministration"
              },
              {
                "actions": [
                  "kms:Decrypt",
                  "kms:DescribeKey",
                  "kms:Encrypt",
                  "kms:GenerateDataKey*",
                  "kms:ReEncrypt*"
                ],
                "condition": [],
                "effect": "Allow",
                "not_actions": [],
                "not_principals": [],
                "not_resources": [],
                "principals": [
                  {
                    "identifiers": [
                      "arn:aws:iam::149536475766:role/my-TWS-EKS-cluster-cluster-20250730092723818900000001"
                    ],
                    "type": "AWS"
                  }
                ],
                "resources": [
                  "*"
                ],
                "sid": "KeyUsage"
              }
            ],
            "version": "2012-10-17"
          },
          "sensitive_attributes": []
        }
      ]
    },
    {
      "module": "module.eks-cluster.module.kms",
      "mode": "data",
      "type": "aws_partition",
      "name": "current",
      "provider": "provider[\"registry.terraform.io/hashicorp/aws\"]",
      "instances": [
        {
          "index_key": 0,
          "schema_version": 0,
          "attributes": {
            "dns_suffix": "amazonaws.com",
            "id": "aws",
            "partition": "aws",
            "reverse_dns_prefix": "com.amazonaws"
          },
          "sensitive_attributes": []
        }
      ]
    },
    {
      "module": "module.eks-cluster.module.kms",
      "mode": "managed",
      "type": "aws_kms_alias",
      "name": "this",
      "provider": "provider[\"registry.terraform.io/hashicorp/aws\"]",
      "instances": [
        {
          "index_key": "cluster",
          "schema_version": 0,
          "attributes": {
            "arn": "arn:aws:kms:ap-south-1:149536475766:alias/eks/my-TWS-EKS-cluster",
            "id": "alias/eks/my-TWS-EKS-cluster",
            "name": "alias/eks/my-TWS-EKS-cluster",
            "name_prefix": "",
            "target_key_arn": "arn:aws:kms:ap-south-1:149536475766:key/1a77e224-f741-4402-8dd7-ce368a6398c6",
            "target_key_id": "1a77e224-f741-4402-8dd7-ce368a6398c6"
          },
          "sensitive_attributes": [],
          "private": "bnVsbA==",
          "dependencies": [
            "module.eks-cluster.aws_iam_role.this",
            "module.eks-cluster.data.aws_caller_identity.current",
            "module.eks-cluster.data.aws_iam_policy_document.assume_role_policy",
            "module.eks-cluster.data.aws_iam_session_context.current",
            "module.eks-cluster.module.kms.aws_kms_external_key.this",
            "module.eks-cluster.module.kms.aws_kms_key.this",
            "module.eks-cluster.module.kms.aws_kms_replica_external_key.this",
            "module.eks-cluster.module.kms.aws_kms_replica_key.this",
            "module.eks-cluster.module.kms.data.aws_caller_identity.current",
            "module.eks-cluster.module.kms.data.aws_iam_policy_document.this",
            "module.eks-cluster.module.kms.data.aws_partition.current"
          ]
        }
      ]
    },
    {
      "module": "module.eks-cluster.module.kms",
      "mode": "managed",
      "type": "aws_kms_key",
      "name": "this",
      "provider": "provider[\"registry.terraform.io/hashicorp/aws\"]",
      "instances": [
        {
          "index_key": 0,
          "schema_version": 0,
          "attributes": {
            "arn": "arn:aws:kms:ap-south-1:149536475766:key/1a77e224-f741-4402-8dd7-ce368a6398c6",
            "bypass_policy_lockout_safety_check": false,
            "custom_key_store_id": "",
            "customer_master_key_spec": "SYMMETRIC_DEFAULT",
            "deletion_window_in_days": null,
            "description": "my-TWS-EKS-cluster cluster encryption key",
            "enable_key_rotation": true,
            "id": "1a77e224-f741-4402-8dd7-ce368a6398c6",
            "is_enabled": true,
            "key_id": "1a77e224-f741-4402-8dd7-ce368a6398c6",
            "key_usage": "ENCRYPT_DECRYPT",
            "multi_region": false,
            "policy": "{\"Statement\":[{\"Action\":\"kms:*\",\"Effect\":\"Allow\",\"Principal\":{\"AWS\":\"arn:aws:iam::149536475766:root\"},\"Resource\":\"*\",\"Sid\":\"Default\"},{\"Action\":[\"kms:Update*\",\"kms:UntagResource\",\"kms:TagResource\",\"kms:ScheduleKeyDeletion\",\"kms:Revoke*\",\"kms:ReplicateKey\",\"kms:Put*\",\"kms:List*\",\"kms:ImportKeyMaterial\",\"kms:Get*\",\"kms:Enable*\",\"kms:Disable*\",\"kms:Describe*\",\"kms:Delete*\",\"kms:Create*\",\"kms:CancelKeyDeletion\"],\"Effect\":\"Allow\",\"Principal\":{\"AWS\":\"arn:aws:iam::149536475766:user/teraform\"},\"Resource\":\"*\",\"Sid\":\"KeyAdministration\"},{\"Action\":[\"kms:ReEncrypt*\",\"kms:GenerateDataKey*\",\"kms:Encrypt\",\"kms:DescribeKey\",\"kms:Decrypt\"],\"Effect\":\"Allow\",\"Principal\":{\"AWS\":\"arn:aws:iam::149536475766:role/my-TWS-EKS-cluster-cluster-20250730092723818900000001\"},\"Resource\":\"*\",\"Sid\":\"KeyUsage\"}],\"Version\":\"2012-10-17\"}",
            "rotation_period_in_days": 365,
            "tags": {
              "terraform-aws-modules": "eks"
            },
            "tags_all": {
              "terraform-aws-modules": "eks"
            },
            "timeouts": null,
            "xks_key_id": ""
          },
          "sensitive_attributes": [],
          "private": "eyJlMmJmYjczMC1lY2FhLTExZTYtOGY4OC0zNDM2M2JjN2M0YzAiOnsiY3JlYXRlIjoxMjAwMDAwMDAwMDB9fQ==",
          "dependencies": [
            "module.eks-cluster.aws_iam_role.this",
            "module.eks-cluster.data.aws_caller_identity.current",
            "module.eks-cluster.data.aws_iam_policy_document.assume_role_policy",
            "module.eks-cluster.data.aws_iam_session_context.current",
            "module.eks-cluster.module.kms.data.aws_caller_identity.current",
            "module.eks-cluster.module.kms.data.aws_iam_policy_document.this",
            "module.eks-cluster.module.kms.data.aws_partition.current"
          ],
          "create_before_destroy": true
        }
      ]
    },
    {
      "module": "module.vpc",
      "mode": "managed",
      "type": "aws_default_network_acl",
      "name": "this",
      "provider": "provider[\"registry.terraform.io/hashicorp/aws\"]",
      "instances": [
        {
          "index_key": 0,
          "schema_version": 0,
          "attributes": {
            "arn": "arn:aws:ec2:ap-south-1:149536475766:network-acl/acl-0ece2f9a4c5cba08f",
            "default_network_acl_id": "acl-0ece2f9a4c5cba08f",
            "egress": [
              {
                "action": "allow",
                "cidr_block": "",
                "from_port": 0,
                "icmp_code": 0,
                "icmp_type": 0,
                "ipv6_cidr_block": "::/0",
                "protocol": "-1",
                "rule_no": 101,
                "to_port": 0
              },
              {
                "action": "allow",
                "cidr_block": "0.0.0.0/0",
                "from_port": 0,
                "icmp_code": 0,
                "icmp_type": 0,
                "ipv6_cidr_block": "",
                "protocol": "-1",
                "rule_no": 100,
                "to_port": 0
              }
            ],
            "id": "acl-0ece2f9a4c5cba08f",
            "ingress": [
              {
                "action": "allow",
                "cidr_block": "",
                "from_port": 0,
                "icmp_code": 0,
                "icmp_type": 0,
                "ipv6_cidr_block": "::/0",
                "protocol": "-1",
                "rule_no": 101,
                "to_port": 0
              },
              {
                "action": "allow",
                "cidr_block": "0.0.0.0/0",
                "from_port": 0,
                "icmp_code": 0,
                "icmp_type": 0,
                "ipv6_cidr_block": "",
                "protocol": "-1",
                "rule_no": 100,
                "to_port": 0
              }
            ],
            "owner_id": "149536475766",
            "subnet_ids": [
              "subnet-03528715f7dc3c0d7",
              "subnet-049b0f00d7136fda1",
              "subnet-05d37515c95401f00",
              "subnet-0709e483f2b6b285f",
              "subnet-0c67c8390fca40227",
              "subnet-0cba5c0467570345e"
            ],
            "tags": {
              "Environment": "dev",
              "Name": "my-TWS-EKS-cluster-default",
              "Terraform": "true"
            },
            "tags_all": {
              "Environment": "dev",
              "Name": "my-TWS-EKS-cluster-default",
              "Terraform": "true"
            },
            "vpc_id": "vpc-08a87d398d27703f5"
          },
          "sensitive_attributes": [],
          "private": "bnVsbA==",
          "dependencies": [
            "module.vpc.aws_vpc.this"
          ]
        }
      ]
    },
    {
      "module": "module.vpc",
      "mode": "managed",
      "type": "aws_default_route_table",
      "name": "default",
      "provider": "provider[\"registry.terraform.io/hashicorp/aws\"]",
      "instances": [
        {
          "index_key": 0,
          "schema_version": 0,
          "attributes": {
            "arn": "arn:aws:ec2:ap-south-1:149536475766:route-table/rtb-0d913398f3fcfdcef",
            "default_route_table_id": "rtb-0d913398f3fcfdcef",
            "id": "rtb-0d913398f3fcfdcef",
            "owner_id": "149536475766",
            "propagating_vgws": [],
            "route": [],
            "tags": {
              "Environment": "dev",
              "Name": "my-TWS-EKS-cluster-default",
              "Terraform": "true"
            },
            "tags_all": {
              "Environment": "dev",
              "Name": "my-TWS-EKS-cluster-default",
              "Terraform": "true"
            },
            "timeouts": {
              "create": "5m",
              "update": "5m"
            },
            "vpc_id": "vpc-08a87d398d27703f5"
          },
          "sensitive_attributes": [],
          "private": "eyJlMmJmYjczMC1lY2FhLTExZTYtOGY4OC0zNDM2M2JjN2M0YzAiOnsiY3JlYXRlIjozMDAwMDAwMDAwMDAsInVwZGF0ZSI6MzAwMDAwMDAwMDAwfX0=",
          "dependencies": [
            "module.vpc.aws_vpc.this"
          ]
        }
      ]
    },
    {
      "module": "module.vpc",
      "mode": "managed",
      "type": "aws_default_security_group",
      "name": "this",
      "provider": "provider[\"registry.terraform.io/hashicorp/aws\"]",
      "instances": [
        {
          "index_key": 0,
          "schema_version": 1,
          "attributes": {
            "arn": "arn:aws:ec2:ap-south-1:149536475766:security-group/sg-02204ff23f59225ba",
            "description": "default VPC security group",
            "egress": [],
            "id": "sg-02204ff23f59225ba",
            "ingress": [],
            "name": "default",
            "name_prefix": "",
            "owner_id": "149536475766",
            "revoke_rules_on_delete": false,
            "tags": {
              "Environment": "dev",
              "Name": "my-TWS-EKS-cluster-default",
              "Terraform": "true"
            },
            "tags_all": {
              "Environment": "dev",
              "Name": "my-TWS-EKS-cluster-default",
              "Terraform": "true"
            },
            "vpc_id": "vpc-08a87d398d27703f5"
          },
          "sensitive_attributes": [],
          "private": "eyJzY2hlbWFfdmVyc2lvbiI6IjEifQ==",
          "dependencies": [
            "module.vpc.aws_vpc.this"
          ]
        }
      ]
    },
    {
      "module": "module.vpc",
      "mode": "managed",
      "type": "aws_eip",
      "name": "nat",
      "provider": "provider[\"registry.terraform.io/hashicorp/aws\"]",
      "instances": [
        {
          "index_key": 0,
          "schema_version": 0,
          "attributes": {
            "address": null,
            "allocation_id": "eipalloc-011af1e17cf4c8c1b",
            "arn": "arn:aws:ec2:ap-south-1:149536475766:elastic-ip/eipalloc-011af1e17cf4c8c1b",
            "associate_with_private_ip": null,
            "association_id": "eipassoc-0bb3d200e33e89015",
            "carrier_ip": "",
            "customer_owned_ip": "",
            "customer_owned_ipv4_pool": "",
            "domain": "vpc",
            "id": "eipalloc-011af1e17cf4c8c1b",
            "instance": "",
            "ipam_pool_id": null,
            "network_border_group": "ap-south-1",
            "network_interface": "eni-0c3bf470a67fde381",
            "private_dns": "ip-10-0-101-121.ap-south-1.compute.internal",
            "private_ip": "10.0.101.121",
            "ptr_record": "",
            "public_dns": "ec2-13-202-123-36.ap-south-1.compute.amazonaws.com",
            "public_ip": "13.202.123.36",
            "public_ipv4_pool": "amazon",
            "tags": {
              "Environment": "dev",
              "Name": "my-TWS-EKS-cluster-ap-south-1a",
              "Terraform": "true"
            },
            "tags_all": {
              "Environment": "dev",
              "Name": "my-TWS-EKS-cluster-ap-south-1a",
              "Terraform": "true"
            },
            "timeouts": null,
            "vpc": true
          },
          "sensitive_attributes": [],
          "private": "eyJlMmJmYjczMC1lY2FhLTExZTYtOGY4OC0zNDM2M2JjN2M0YzAiOnsiZGVsZXRlIjoxODAwMDAwMDAwMDAsInJlYWQiOjkwMDAwMDAwMDAwMCwidXBkYXRlIjozMDAwMDAwMDAwMDB9fQ==",
          "dependencies": [
            "module.vpc.aws_internet_gateway.this",
            "module.vpc.aws_vpc.this",
            "module.vpc.aws_vpc_ipv4_cidr_block_association.this"
          ]
        }
      ]
    },
    {
      "module": "module.vpc",
      "mode": "managed",
      "type": "aws_internet_gateway",
      "name": "this",
      "provider": "provider[\"registry.terraform.io/hashicorp/aws\"]",
      "instances": [
        {
          "index_key": 0,
          "schema_version": 0,
          "attributes": {
            "arn": "arn:aws:ec2:ap-south-1:149536475766:internet-gateway/igw-0cb07d3494b6c6e32",
            "id": "igw-0cb07d3494b6c6e32",
            "owner_id": "149536475766",
            "tags": {
              "Environment": "dev",
              "Name": "my-TWS-EKS-cluster",
              "Terraform": "true"
            },
            "tags_all": {
              "Environment": "dev",
              "Name": "my-TWS-EKS-cluster",
              "Terraform": "true"
            },
            "timeouts": null,
            "vpc_id": "vpc-08a87d398d27703f5"
          },
          "sensitive_attributes": [],
          "private": "eyJlMmJmYjczMC1lY2FhLTExZTYtOGY4OC0zNDM2M2JjN2M0YzAiOnsiY3JlYXRlIjoxMjAwMDAwMDAwMDAwLCJkZWxldGUiOjEyMDAwMDAwMDAwMDAsInVwZGF0ZSI6MTIwMDAwMDAwMDAwMH19",
          "dependencies": [
            "module.vpc.aws_vpc.this",
            "module.vpc.aws_vpc_ipv4_cidr_block_association.this"
          ]
        }
      ]
    },
    {
      "module": "module.vpc",
      "mode": "managed",
      "type": "aws_nat_gateway",
      "name": "this",
      "provider": "provider[\"registry.terraform.io/hashicorp/aws\"]",
      "instances": [
        {
          "index_key": 0,
          "schema_version": 0,
          "attributes": {
            "allocation_id": "eipalloc-011af1e17cf4c8c1b",
            "association_id": "eipassoc-0bb3d200e33e89015",
            "connectivity_type": "public",
            "id": "nat-094ff93388d74329b",
            "network_interface_id": "eni-0c3bf470a67fde381",
            "private_ip": "10.0.101.121",
            "public_ip": "13.202.123.36",
            "secondary_allocation_ids": [],
            "secondary_private_ip_address_count": 0,
            "secondary_private_ip_addresses": [],
            "subnet_id": "subnet-0c67c8390fca40227",
            "tags": {
              "Environment": "dev",
              "Name": "my-TWS-EKS-cluster-ap-south-1a",
              "Terraform": "true"
            },
            "tags_all": {
              "Environment": "dev",
              "Name": "my-TWS-EKS-cluster-ap-south-1a",
              "Terraform": "true"
            },
            "timeouts": null
          },
          "sensitive_attributes": [],
          "private": "eyJlMmJmYjczMC1lY2FhLTExZTYtOGY4OC0zNDM2M2JjN2M0YzAiOnsiY3JlYXRlIjo2MDAwMDAwMDAwMDAsImRlbGV0ZSI6MTgwMDAwMDAwMDAwMCwidXBkYXRlIjo2MDAwMDAwMDAwMDB9fQ==",
          "dependencies": [
            "module.vpc.aws_eip.nat",
            "module.vpc.aws_internet_gateway.this",
            "module.vpc.aws_subnet.public",
            "module.vpc.aws_vpc.this",
            "module.vpc.aws_vpc_ipv4_cidr_block_association.this"
          ]
        }
      ]
    },
    {
      "module": "module.vpc",
      "mode": "managed",
      "type": "aws_route",
      "name": "private_nat_gateway",
      "provider": "provider[\"registry.terraform.io/hashicorp/aws\"]",
      "instances": [
        {
          "index_key": 0,
          "schema_version": 0,
          "attributes": {
            "carrier_gateway_id": "",
            "core_network_arn": "",
            "destination_cidr_block": "0.0.0.0/0",
            "destination_ipv6_cidr_block": "",
            "destination_prefix_list_id": "",
            "egress_only_gateway_id": "",
            "gateway_id": "",
            "id": "r-rtb-0da983bff3467089a1080289494",
            "instance_id": "",
            "instance_owner_id": "",
            "local_gateway_id": "",
            "nat_gateway_id": "nat-094ff93388d74329b",
            "network_interface_id": "",
            "origin": "CreateRoute",
            "route_table_id": "rtb-0da983bff3467089a",
            "state": "active",
            "timeouts": {
              "create": "5m",
              "delete": null,
              "update": null
            },
            "transit_gateway_id": "",
            "vpc_endpoint_id": "",
            "vpc_peering_connection_id": ""
          },
          "sensitive_attributes": [],
          "private": "eyJlMmJmYjczMC1lY2FhLTExZTYtOGY4OC0zNDM2M2JjN2M0YzAiOnsiY3JlYXRlIjozMDAwMDAwMDAwMDAsImRlbGV0ZSI6MzAwMDAwMDAwMDAwLCJ1cGRhdGUiOjEyMDAwMDAwMDAwMH19",
          "dependencies": [
            "module.vpc.aws_eip.nat",
            "module.vpc.aws_internet_gateway.this",
            "module.vpc.aws_nat_gateway.this",
            "module.vpc.aws_route_table.private",
            "module.vpc.aws_subnet.public",
            "module.vpc.aws_vpc.this",
            "module.vpc.aws_vpc_ipv4_cidr_block_association.this"
          ]
        }
      ]
    },
    {
      "module": "module.vpc",
      "mode": "managed",
      "type": "aws_route",
      "name": "public_internet_gateway",
      "provider": "provider[\"registry.terraform.io/hashicorp/aws\"]",
      "instances": [
        {
          "index_key": 0,
          "schema_version": 0,
          "attributes": {
            "carrier_gateway_id": "",
            "core_network_arn": "",
            "destination_cidr_block": "0.0.0.0/0",
            "destination_ipv6_cidr_block": "",
            "destination_prefix_list_id": "",
            "egress_only_gateway_id": "",
            "gateway_id": "igw-0cb07d3494b6c6e32",
            "id": "r-rtb-00d974f17a7514a711080289494",
            "instance_id": "",
            "instance_owner_id": "",
            "local_gateway_id": "",
            "nat_gateway_id": "",
            "network_interface_id": "",
            "origin": "CreateRoute",
            "route_table_id": "rtb-00d974f17a7514a71",
            "state": "active",
            "timeouts": {
              "create": "5m",
              "delete": null,
              "update": null
            },
            "transit_gateway_id": "",
            "vpc_endpoint_id": "",
            "vpc_peering_connection_id": ""
          },
          "sensitive_attributes": [],
          "private": "eyJlMmJmYjczMC1lY2FhLTExZTYtOGY4OC0zNDM2M2JjN2M0YzAiOnsiY3JlYXRlIjozMDAwMDAwMDAwMDAsImRlbGV0ZSI6MzAwMDAwMDAwMDAwLCJ1cGRhdGUiOjEyMDAwMDAwMDAwMH19",
          "dependencies": [
            "module.vpc.aws_internet_gateway.this",
            "module.vpc.aws_route_table.public",
            "module.vpc.aws_vpc.this",
            "module.vpc.aws_vpc_ipv4_cidr_block_association.this"
          ]
        }
      ]
    },
    {
      "module": "module.vpc",
      "mode": "managed",
      "type": "aws_route_table",
      "name": "private",
      "provider": "provider[\"registry.terraform.io/hashicorp/aws\"]",
      "instances": [
        {
          "index_key": 0,
          "schema_version": 0,
          "attributes": {
            "arn": "arn:aws:ec2:ap-south-1:149536475766:route-table/rtb-0da983bff3467089a",
            "id": "rtb-0da983bff3467089a",
            "owner_id": "149536475766",
            "propagating_vgws": [],
            "route": [
              {
                "carrier_gateway_id": "",
                "cidr_block": "0.0.0.0/0",
                "core_network_arn": "",
                "destination_prefix_list_id": "",
                "egress_only_gateway_id": "",
                "gateway_id": "",
                "ipv6_cidr_block": "",
                "local_gateway_id": "",
                "nat_gateway_id": "nat-094ff93388d74329b",
                "network_interface_id": "",
                "transit_gateway_id": "",
                "vpc_endpoint_id": "",
                "vpc_peering_connection_id": ""
              }
            ],
            "tags": {
              "Environment": "dev",
              "Name": "my-TWS-EKS-cluster-private",
              "Terraform": "true"
            },
            "tags_all": {
              "Environment": "dev",
              "Name": "my-TWS-EKS-cluster-private",
              "Terraform": "true"
            },
            "timeouts": null,
            "vpc_id": "vpc-08a87d398d27703f5"
          },
          "sensitive_attributes": [],
          "private": "eyJlMmJmYjczMC1lY2FhLTExZTYtOGY4OC0zNDM2M2JjN2M0YzAiOnsiY3JlYXRlIjozMDAwMDAwMDAwMDAsImRlbGV0ZSI6MzAwMDAwMDAwMDAwLCJ1cGRhdGUiOjEyMDAwMDAwMDAwMH19",
          "dependencies": [
            "module.vpc.aws_vpc.this",
            "module.vpc.aws_vpc_ipv4_cidr_block_association.this"
          ]
        }
      ]
    },
    {
      "module": "module.vpc",
      "mode": "managed",
      "type": "aws_route_table",
      "name": "public",
      "provider": "provider[\"registry.terraform.io/hashicorp/aws\"]",
      "instances": [
        {
          "index_key": 0,
          "schema_version": 0,
          "attributes": {
            "arn": "arn:aws:ec2:ap-south-1:149536475766:route-table/rtb-00d974f17a7514a71",
            "id": "rtb-00d974f17a7514a71",
            "owner_id": "149536475766",
            "propagating_vgws": [],
            "route": [
              {
                "carrier_gateway_id": "",
                "cidr_block": "0.0.0.0/0",
                "core_network_arn": "",
                "destination_prefix_list_id": "",
                "egress_only_gateway_id": "",
                "gateway_id": "igw-0cb07d3494b6c6e32",
                "ipv6_cidr_block": "",
                "local_gateway_id": "",
                "nat_gateway_id": "",
                "network_interface_id": "",
                "transit_gateway_id": "",
                "vpc_endpoint_id": "",
                "vpc_peering_connection_id": ""
              }
            ],
            "tags": {
              "Environment": "dev",
              "Name": "my-TWS-EKS-cluster-public",
              "Terraform": "true"
            },
            "tags_all": {
              "Environment": "dev",
              "Name": "my-TWS-EKS-cluster-public",
              "Terraform": "true"
            },
            "timeouts": null,
            "vpc_id": "vpc-08a87d398d27703f5"
          },
          "sensitive_attributes": [],
          "private": "eyJlMmJmYjczMC1lY2FhLTExZTYtOGY4OC0zNDM2M2JjN2M0YzAiOnsiY3JlYXRlIjozMDAwMDAwMDAwMDAsImRlbGV0ZSI6MzAwMDAwMDAwMDAwLCJ1cGRhdGUiOjEyMDAwMDAwMDAwMH19",
          "dependencies": [
            "module.vpc.aws_vpc.this",
            "module.vpc.aws_vpc_ipv4_cidr_block_association.this"
          ]
        }
      ]
    },
    {
      "module": "module.vpc",
      "mode": "managed",
      "type": "aws_route_table_association",
      "name": "private",
      "provider": "provider[\"registry.terraform.io/hashicorp/aws\"]",
      "instances": [
        {
          "index_key": 0,
          "schema_version": 0,
          "attributes": {
            "gateway_id": "",
            "id": "rtbassoc-0646aacd1f3263456",
            "route_table_id": "rtb-0da983bff3467089a",
            "subnet_id": "subnet-05d37515c95401f00",
            "timeouts": null
          },
          "sensitive_attributes": [],
          "private": "eyJlMmJmYjczMC1lY2FhLTExZTYtOGY4OC0zNDM2M2JjN2M0YzAiOnsiY3JlYXRlIjozMDAwMDAwMDAwMDAsImRlbGV0ZSI6MzAwMDAwMDAwMDAwLCJ1cGRhdGUiOjEyMDAwMDAwMDAwMH19",
          "dependencies": [
            "module.vpc.aws_route_table.private",
            "module.vpc.aws_subnet.private",
            "module.vpc.aws_vpc.this",
            "module.vpc.aws_vpc_ipv4_cidr_block_association.this"
          ]
        },
        {
          "index_key": 1,
          "schema_version": 0,
          "attributes": {
            "gateway_id": "",
            "id": "rtbassoc-03875d8bde38cc6f3",
            "route_table_id": "rtb-0da983bff3467089a",
            "subnet_id": "subnet-049b0f00d7136fda1",
            "timeouts": null
          },
          "sensitive_attributes": [],
          "private": "eyJlMmJmYjczMC1lY2FhLTExZTYtOGY4OC0zNDM2M2JjN2M0YzAiOnsiY3JlYXRlIjozMDAwMDAwMDAwMDAsImRlbGV0ZSI6MzAwMDAwMDAwMDAwLCJ1cGRhdGUiOjEyMDAwMDAwMDAwMH19",
          "dependencies": [
            "module.vpc.aws_route_table.private",
            "module.vpc.aws_subnet.private",
            "module.vpc.aws_vpc.this",
            "module.vpc.aws_vpc_ipv4_cidr_block_association.this"
          ]
        },
        {
          "index_key": 2,
          "schema_version": 0,
          "attributes": {
            "gateway_id": "",
            "id": "rtbassoc-080a11a7eceb92dc5",
            "route_table_id": "rtb-0da983bff3467089a",
            "subnet_id": "subnet-03528715f7dc3c0d7",
            "timeouts": null
          },
          "sensitive_attributes": [],
          "private": "eyJlMmJmYjczMC1lY2FhLTExZTYtOGY4OC0zNDM2M2JjN2M0YzAiOnsiY3JlYXRlIjozMDAwMDAwMDAwMDAsImRlbGV0ZSI6MzAwMDAwMDAwMDAwLCJ1cGRhdGUiOjEyMDAwMDAwMDAwMH19",
          "dependencies": [
            "module.vpc.aws_route_table.private",
            "module.vpc.aws_subnet.private",
            "module.vpc.aws_vpc.this",
            "module.vpc.aws_vpc_ipv4_cidr_block_association.this"
          ]
        }
      ]
    },
    {
      "module": "module.vpc",
      "mode": "managed",
      "type": "aws_route_table_association",
      "name": "public",
      "provider": "provider[\"registry.terraform.io/hashicorp/aws\"]",
      "instances": [
        {
          "index_key": 0,
          "schema_version": 0,
          "attributes": {
            "gateway_id": "",
            "id": "rtbassoc-0401d46846cb1ed3f",
            "route_table_id": "rtb-00d974f17a7514a71",
            "subnet_id": "subnet-0c67c8390fca40227",
            "timeouts": null
          },
          "sensitive_attributes": [],
          "private": "eyJlMmJmYjczMC1lY2FhLTExZTYtOGY4OC0zNDM2M2JjN2M0YzAiOnsiY3JlYXRlIjozMDAwMDAwMDAwMDAsImRlbGV0ZSI6MzAwMDAwMDAwMDAwLCJ1cGRhdGUiOjEyMDAwMDAwMDAwMH19",
          "dependencies": [
            "module.vpc.aws_route_table.public",
            "module.vpc.aws_subnet.public",
            "module.vpc.aws_vpc.this",
            "module.vpc.aws_vpc_ipv4_cidr_block_association.this"
          ]
        },
        {
          "index_key": 1,
          "schema_version": 0,
          "attributes": {
            "gateway_id": "",
            "id": "rtbassoc-07222e785de9823d5",
            "route_table_id": "rtb-00d974f17a7514a71",
            "subnet_id": "subnet-0709e483f2b6b285f",
            "timeouts": null
          },
          "sensitive_attributes": [],
          "private": "eyJlMmJmYjczMC1lY2FhLTExZTYtOGY4OC0zNDM2M2JjN2M0YzAiOnsiY3JlYXRlIjozMDAwMDAwMDAwMDAsImRlbGV0ZSI6MzAwMDAwMDAwMDAwLCJ1cGRhdGUiOjEyMDAwMDAwMDAwMH19",
          "dependencies": [
            "module.vpc.aws_route_table.public",
            "module.vpc.aws_subnet.public",
            "module.vpc.aws_vpc.this",
            "module.vpc.aws_vpc_ipv4_cidr_block_association.this"
          ]
        },
        {
          "index_key": 2,
          "schema_version": 0,
          "attributes": {
            "gateway_id": "",
            "id": "rtbassoc-0f8ffc43589253279",
            "route_table_id": "rtb-00d974f17a7514a71",
            "subnet_id": "subnet-0cba5c0467570345e",
            "timeouts": null
          },
          "sensitive_attributes": [],
          "private": "eyJlMmJmYjczMC1lY2FhLTExZTYtOGY4OC0zNDM2M2JjN2M0YzAiOnsiY3JlYXRlIjozMDAwMDAwMDAwMDAsImRlbGV0ZSI6MzAwMDAwMDAwMDAwLCJ1cGRhdGUiOjEyMDAwMDAwMDAwMH19",
          "dependencies": [
            "module.vpc.aws_route_table.public",
            "module.vpc.aws_subnet.public",
            "module.vpc.aws_vpc.this",
            "module.vpc.aws_vpc_ipv4_cidr_block_association.this"
          ]
        }
      ]
    },
    {
      "module": "module.vpc",
      "mode": "managed",
      "type": "aws_subnet",
      "name": "private",
      "provider": "provider[\"registry.terraform.io/hashicorp/aws\"]",
      "instances": [
        {
          "index_key": 0,
          "schema_version": 1,
          "attributes": {
            "arn": "arn:aws:ec2:ap-south-1:149536475766:subnet/subnet-05d37515c95401f00",
            "assign_ipv6_address_on_creation": false,
            "availability_zone": "ap-south-1a",
            "availability_zone_id": "aps1-az1",
            "cidr_block": "10.0.1.0/24",
            "customer_owned_ipv4_pool": "",
            "enable_dns64": false,
            "enable_lni_at_device_index": 0,
            "enable_resource_name_dns_a_record_on_launch": false,
            "enable_resource_name_dns_aaaa_record_on_launch": false,
            "id": "subnet-05d37515c95401f00",
            "ipv6_cidr_block": "",
            "ipv6_cidr_block_association_id": "",
            "ipv6_native": false,
            "map_customer_owned_ip_on_launch": false,
            "map_public_ip_on_launch": false,
            "outpost_arn": "",
            "owner_id": "149536475766",
            "private_dns_hostname_type_on_launch": "ip-name",
            "tags": {
              "Environment": "dev",
              "Name": "my-TWS-EKS-cluster-private-ap-south-1a",
              "Terraform": "true",
              "kubernetes.io/cluster/my-TWS-EKS-cluster": "owned",
              "kubernetes.io/role/internal-elb": "1"
            },
            "tags_all": {
              "Environment": "dev",
              "Name": "my-TWS-EKS-cluster-private-ap-south-1a",
              "Terraform": "true",
              "kubernetes.io/cluster/my-TWS-EKS-cluster": "owned",
              "kubernetes.io/role/internal-elb": "1"
            },
            "timeouts": null,
            "vpc_id": "vpc-08a87d398d27703f5"
          },
          "sensitive_attributes": [],
          "private": "eyJlMmJmYjczMC1lY2FhLTExZTYtOGY4OC0zNDM2M2JjN2M0YzAiOnsiY3JlYXRlIjo2MDAwMDAwMDAwMDAsImRlbGV0ZSI6MTIwMDAwMDAwMDAwMH0sInNjaGVtYV92ZXJzaW9uIjoiMSJ9",
          "dependencies": [
            "module.vpc.aws_vpc.this",
            "module.vpc.aws_vpc_ipv4_cidr_block_association.this"
          ],
          "create_before_destroy": true
        },
        {
          "index_key": 1,
          "schema_version": 1,
          "attributes": {
            "arn": "arn:aws:ec2:ap-south-1:149536475766:subnet/subnet-049b0f00d7136fda1",
            "assign_ipv6_address_on_creation": false,
            "availability_zone": "ap-south-1b",
            "availability_zone_id": "aps1-az3",
            "cidr_block": "10.0.2.0/24",
            "customer_owned_ipv4_pool": "",
            "enable_dns64": false,
            "enable_lni_at_device_index": 0,
            "enable_resource_name_dns_a_record_on_launch": false,
            "enable_resource_name_dns_aaaa_record_on_launch": false,
            "id": "subnet-049b0f00d7136fda1",
            "ipv6_cidr_block": "",
            "ipv6_cidr_block_association_id": "",
            "ipv6_native": false,
            "map_customer_owned_ip_on_launch": false,
            "map_public_ip_on_launch": false,
            "outpost_arn": "",
            "owner_id": "149536475766",
            "private_dns_hostname_type_on_launch": "ip-name",
            "tags": {
              "Environment": "dev",
              "Name": "my-TWS-EKS-cluster-private-ap-south-1b",
              "Terraform": "true",
              "kubernetes.io/cluster/my-TWS-EKS-cluster": "owned",
              "kubernetes.io/role/internal-elb": "1"
            },
            "tags_all": {
              "Environment": "dev",
              "Name": "my-TWS-EKS-cluster-private-ap-south-1b",
              "Terraform": "true",
              "kubernetes.io/cluster/my-TWS-EKS-cluster": "owned",
              "kubernetes.io/role/internal-elb": "1"
            },
            "timeouts": null,
            "vpc_id": "vpc-08a87d398d27703f5"
          },
          "sensitive_attributes": [],
          "private": "eyJlMmJmYjczMC1lY2FhLTExZTYtOGY4OC0zNDM2M2JjN2M0YzAiOnsiY3JlYXRlIjo2MDAwMDAwMDAwMDAsImRlbGV0ZSI6MTIwMDAwMDAwMDAwMH0sInNjaGVtYV92ZXJzaW9uIjoiMSJ9",
          "dependencies": [
            "module.vpc.aws_vpc.this",
            "module.vpc.aws_vpc_ipv4_cidr_block_association.this"
          ],
          "create_before_destroy": true
        },
        {
          "index_key": 2,
          "schema_version": 1,
          "attributes": {
            "arn": "arn:aws:ec2:ap-south-1:149536475766:subnet/subnet-03528715f7dc3c0d7",
            "assign_ipv6_address_on_creation": false,
            "availability_zone": "ap-south-1a",
            "availability_zone_id": "aps1-az1",
            "cidr_block": "10.0.3.0/24",
            "customer_owned_ipv4_pool": "",
            "enable_dns64": false,
            "enable_lni_at_device_index": 0,
            "enable_resource_name_dns_a_record_on_launch": false,
            "enable_resource_name_dns_aaaa_record_on_launch": false,
            "id": "subnet-03528715f7dc3c0d7",
            "ipv6_cidr_block": "",
            "ipv6_cidr_block_association_id": "",
            "ipv6_native": false,
            "map_customer_owned_ip_on_launch": false,
            "map_public_ip_on_launch": false,
            "outpost_arn": "",
            "owner_id": "149536475766",
            "private_dns_hostname_type_on_launch": "ip-name",
            "tags": {
              "Environment": "dev",
              "Name": "my-TWS-EKS-cluster-private-ap-south-1a",
              "Terraform": "true",
              "kubernetes.io/cluster/my-TWS-EKS-cluster": "owned",
              "kubernetes.io/role/internal-elb": "1"
            },
            "tags_all": {
              "Environment": "dev",
              "Name": "my-TWS-EKS-cluster-private-ap-south-1a",
              "Terraform": "true",
              "kubernetes.io/cluster/my-TWS-EKS-cluster": "owned",
              "kubernetes.io/role/internal-elb": "1"
            },
            "timeouts": null,
            "vpc_id": "vpc-08a87d398d27703f5"
          },
          "sensitive_attributes": [],
          "private": "eyJlMmJmYjczMC1lY2FhLTExZTYtOGY4OC0zNDM2M2JjN2M0YzAiOnsiY3JlYXRlIjo2MDAwMDAwMDAwMDAsImRlbGV0ZSI6MTIwMDAwMDAwMDAwMH0sInNjaGVtYV92ZXJzaW9uIjoiMSJ9",
          "dependencies": [
            "module.vpc.aws_vpc.this",
            "module.vpc.aws_vpc_ipv4_cidr_block_association.this"
          ],
          "create_before_destroy": true
        }
      ]
    },
    {
      "module": "module.vpc",
      "mode": "managed",
      "type": "aws_subnet",
      "name": "public",
      "provider": "provider[\"registry.terraform.io/hashicorp/aws\"]",
      "instances": [
        {
          "index_key": 0,
          "schema_version": 1,
          "attributes": {
            "arn": "arn:aws:ec2:ap-south-1:149536475766:subnet/subnet-0c67c8390fca40227",
            "assign_ipv6_address_on_creation": false,
            "availability_zone": "ap-south-1a",
            "availability_zone_id": "aps1-az1",
            "cidr_block": "10.0.101.0/24",
            "customer_owned_ipv4_pool": "",
            "enable_dns64": false,
            "enable_lni_at_device_index": 0,
            "enable_resource_name_dns_a_record_on_launch": false,
            "enable_resource_name_dns_aaaa_record_on_launch": false,
            "id": "subnet-0c67c8390fca40227",
            "ipv6_cidr_block": "",
            "ipv6_cidr_block_association_id": "",
            "ipv6_native": false,
            "map_customer_owned_ip_on_launch": false,
            "map_public_ip_on_launch": true,
            "outpost_arn": "",
            "owner_id": "149536475766",
            "private_dns_hostname_type_on_launch": "ip-name",
            "tags": {
              "Environment": "dev",
              "Name": "my-TWS-EKS-cluster-public-ap-south-1a",
              "Terraform": "true",
              "kubernetes.io/cluster/my-TWS-EKS-cluster": "owned",
              "kubernetes.io/role/elb": "1"
            },
            "tags_all": {
              "Environment": "dev",
              "Name": "my-TWS-EKS-cluster-public-ap-south-1a",
              "Terraform": "true",
              "kubernetes.io/cluster/my-TWS-EKS-cluster": "owned",
              "kubernetes.io/role/elb": "1"
            },
            "timeouts": null,
            "vpc_id": "vpc-08a87d398d27703f5"
          },
          "sensitive_attributes": [],
          "private": "eyJlMmJmYjczMC1lY2FhLTExZTYtOGY4OC0zNDM2M2JjN2M0YzAiOnsiY3JlYXRlIjo2MDAwMDAwMDAwMDAsImRlbGV0ZSI6MTIwMDAwMDAwMDAwMH0sInNjaGVtYV92ZXJzaW9uIjoiMSJ9",
          "dependencies": [
            "module.vpc.aws_vpc.this",
            "module.vpc.aws_vpc_ipv4_cidr_block_association.this"
          ],
          "create_before_destroy": true
        },
        {
          "index_key": 1,
          "schema_version": 1,
          "attributes": {
            "arn": "arn:aws:ec2:ap-south-1:149536475766:subnet/subnet-0709e483f2b6b285f",
            "assign_ipv6_address_on_creation": false,
            "availability_zone": "ap-south-1b",
            "availability_zone_id": "aps1-az3",
            "cidr_block": "10.0.102.0/24",
            "customer_owned_ipv4_pool": "",
            "enable_dns64": false,
            "enable_lni_at_device_index": 0,
            "enable_resource_name_dns_a_record_on_launch": false,
            "enable_resource_name_dns_aaaa_record_on_launch": false,
            "id": "subnet-0709e483f2b6b285f",
            "ipv6_cidr_block": "",
            "ipv6_cidr_block_association_id": "",
            "ipv6_native": false,
            "map_customer_owned_ip_on_launch": false,
            "map_public_ip_on_launch": true,
            "outpost_arn": "",
            "owner_id": "149536475766",
            "private_dns_hostname_type_on_launch": "ip-name",
            "tags": {
              "Environment": "dev",
              "Name": "my-TWS-EKS-cluster-public-ap-south-1b",
              "Terraform": "true",
              "kubernetes.io/cluster/my-TWS-EKS-cluster": "owned",
              "kubernetes.io/role/elb": "1"
            },
            "tags_all": {
              "Environment": "dev",
              "Name": "my-TWS-EKS-cluster-public-ap-south-1b",
              "Terraform": "true",
              "kubernetes.io/cluster/my-TWS-EKS-cluster": "owned",
              "kubernetes.io/role/elb": "1"
            },
            "timeouts": null,
            "vpc_id": "vpc-08a87d398d27703f5"
          },
          "sensitive_attributes": [],
          "private": "eyJlMmJmYjczMC1lY2FhLTExZTYtOGY4OC0zNDM2M2JjN2M0YzAiOnsiY3JlYXRlIjo2MDAwMDAwMDAwMDAsImRlbGV0ZSI6MTIwMDAwMDAwMDAwMH0sInNjaGVtYV92ZXJzaW9uIjoiMSJ9",
          "dependencies": [
            "module.vpc.aws_vpc.this",
            "module.vpc.aws_vpc_ipv4_cidr_block_association.this"
          ],
          "create_before_destroy": true
        },
        {
          "index_key": 2,
          "schema_version": 1,
          "attributes": {
            "arn": "arn:aws:ec2:ap-south-1:149536475766:subnet/subnet-0cba5c0467570345e",
            "assign_ipv6_address_on_creation": false,
            "availability_zone": "ap-south-1a",
            "availability_zone_id": "aps1-az1",
            "cidr_block": "10.0.103.0/24",
            "customer_owned_ipv4_pool": "",
            "enable_dns64": false,
            "enable_lni_at_device_index": 0,
            "enable_resource_name_dns_a_record_on_launch": false,
            "enable_resource_name_dns_aaaa_record_on_launch": false,
            "id": "subnet-0cba5c0467570345e",
            "ipv6_cidr_block": "",
            "ipv6_cidr_block_association_id": "",
            "ipv6_native": false,
            "map_customer_owned_ip_on_launch": false,
            "map_public_ip_on_launch": true,
            "outpost_arn": "",
            "owner_id": "149536475766",
            "private_dns_hostname_type_on_launch": "ip-name",
            "tags": {
              "Environment": "dev",
              "Name": "my-TWS-EKS-cluster-public-ap-south-1a",
              "Terraform": "true",
              "kubernetes.io/cluster/my-TWS-EKS-cluster": "owned",
              "kubernetes.io/role/elb": "1"
            },
            "tags_all": {
              "Environment": "dev",
              "Name": "my-TWS-EKS-cluster-public-ap-south-1a",
              "Terraform": "true",
              "kubernetes.io/cluster/my-TWS-EKS-cluster": "owned",
              "kubernetes.io/role/elb": "1"
            },
            "timeouts": null,
            "vpc_id": "vpc-08a87d398d27703f5"
          },
          "sensitive_attributes": [],
          "private": "eyJlMmJmYjczMC1lY2FhLTExZTYtOGY4OC0zNDM2M2JjN2M0YzAiOnsiY3JlYXRlIjo2MDAwMDAwMDAwMDAsImRlbGV0ZSI6MTIwMDAwMDAwMDAwMH0sInNjaGVtYV92ZXJzaW9uIjoiMSJ9",
          "dependencies": [
            "module.vpc.aws_vpc.this",
            "module.vpc.aws_vpc_ipv4_cidr_block_association.this"
          ],
          "create_before_destroy": true
        }
      ]
    },
    {
      "module": "module.vpc",
      "mode": "managed",
      "type": "aws_vpc",
      "name": "this",
      "provider": "provider[\"registry.terraform.io/hashicorp/aws\"]",
      "instances": [
        {
          "index_key": 0,
          "schema_version": 1,
          "attributes": {
            "arn": "arn:aws:ec2:ap-south-1:149536475766:vpc/vpc-08a87d398d27703f5",
            "assign_generated_ipv6_cidr_block": false,
            "cidr_block": "10.0.0.0/16",
            "default_network_acl_id": "acl-0ece2f9a4c5cba08f",
            "default_route_table_id": "rtb-0d913398f3fcfdcef",
            "default_security_group_id": "sg-02204ff23f59225ba",
            "dhcp_options_id": "dopt-074e402e1043c4a74",
            "enable_dns_hostnames": true,
            "enable_dns_support": true,
            "enable_network_address_usage_metrics": false,
            "id": "vpc-08a87d398d27703f5",
            "instance_tenancy": "default",
            "ipv4_ipam_pool_id": null,
            "ipv4_netmask_length": null,
            "ipv6_association_id": "",
            "ipv6_cidr_block": "",
            "ipv6_cidr_block_network_border_group": "",
            "ipv6_ipam_pool_id": "",
            "ipv6_netmask_length": 0,
            "main_route_table_id": "rtb-0d913398f3fcfdcef",
            "owner_id": "149536475766",
            "tags": {
              "Environment": "dev",
              "Name": "my-TWS-EKS-cluster",
              "Terraform": "true"
            },
            "tags_all": {
              "Environment": "dev",
              "Name": "my-TWS-EKS-cluster",
              "Terraform": "true"
            }
          },
          "sensitive_attributes": [],
          "private": "eyJzY2hlbWFfdmVyc2lvbiI6IjEifQ==",
          "create_before_destroy": true
        }
      ]
    }
  ],
  "check_results": [
    {
      "object_kind": "resource",
      "config_addr": "module.eks-cluster.module.self_managed_node_group.module.user_data.null_resource.validate_cluster_service_cidr",
      "status": "pass",
      "objects": null
    },
    {
      "object_kind": "resource",
      "config_addr": "module.eks-cluster.module.eks_managed_node_group.module.user_data.null_resource.validate_cluster_service_cidr",
      "status": "pass",
      "objects": [
        {
          "object_addr": "module.eks-cluster.module.eks_managed_node_group[\"tws-cluster-node-group\"].module.user_data.null_resource.validate_cluster_service_cidr",
          "status": "pass"
        }
      ]
    },
    {
      "object_kind": "var",
      "config_addr": "module.eks-cluster.module.self_managed_node_group.var.platform",
      "status": "pass",
      "objects": null
    }
  ]
}
